// !$*UTF8*$!
{
	archiveVersion = 1;
	classes = {
	};
	objectVersion = 46;
	objects = {

/* Begin PBXBuildFile section */
		1882A40F192F62CC00BA54FA /* Default-Landscape@2x~ipad.png in Resources */ = {isa = PBXBuildFile; fileRef = 1882A400192F62CC00BA54FA /* Default-Landscape@2x~ipad.png */; };
		1882A410192F62CC00BA54FA /* Default-Landscape~ipad.png in Resources */ = {isa = PBXBuildFile; fileRef = 1882A401192F62CC00BA54FA /* Default-Landscape~ipad.png */; };
		1882A411192F62CC00BA54FA /* Default-Portrait@2x~ipad.png in Resources */ = {isa = PBXBuildFile; fileRef = 1882A402192F62CC00BA54FA /* Default-Portrait@2x~ipad.png */; };
		1882A412192F62CC00BA54FA /* Default~ipad.png in Resources */ = {isa = PBXBuildFile; fileRef = 1882A403192F62CC00BA54FA /* Default~ipad.png */; };
		1882A413192F62CC00BA54FA /* Default~iphone.png in Resources */ = {isa = PBXBuildFile; fileRef = 1882A404192F62CC00BA54FA /* Default~iphone.png */; };
		1882A414192F62CC00BA54FA /* Icon-57@2x.png in Resources */ = {isa = PBXBuildFile; fileRef = 1882A405192F62CC00BA54FA /* Icon-57@2x.png */; };
		1882A415192F62CC00BA54FA /* Icon-512.png in Resources */ = {isa = PBXBuildFile; fileRef = 1882A406192F62CC00BA54FA /* Icon-512.png */; };
		1882A416192F62CC00BA54FA /* Icon-Small-50.png in Resources */ = {isa = PBXBuildFile; fileRef = 1882A407192F62CC00BA54FA /* Icon-Small-50.png */; };
		1882A417192F62CC00BA54FA /* Icon-Small-50@2x.png in Resources */ = {isa = PBXBuildFile; fileRef = 1882A408192F62CC00BA54FA /* Icon-Small-50@2x.png */; };
		1882A418192F62CC00BA54FA /* Icon-Small.png in Resources */ = {isa = PBXBuildFile; fileRef = 1882A409192F62CC00BA54FA /* Icon-Small.png */; };
		1882A419192F62CC00BA54FA /* Icon-Small@2x.png in Resources */ = {isa = PBXBuildFile; fileRef = 1882A40A192F62CC00BA54FA /* Icon-Small@2x.png */; };
		1882A41A192F62CC00BA54FA /* Icon.png in Resources */ = {isa = PBXBuildFile; fileRef = 1882A40B192F62CC00BA54FA /* Icon.png */; };
		1882A41B192F62CC00BA54FA /* Icon@2x.png in Resources */ = {isa = PBXBuildFile; fileRef = 1882A40C192F62CC00BA54FA /* Icon@2x.png */; };
		1882A41C192F62CC00BA54FA /* iTunesArtwork.png in Resources */ = {isa = PBXBuildFile; fileRef = 1882A40D192F62CC00BA54FA /* iTunesArtwork.png */; };
		1882A41D192F62CC00BA54FA /* iTunesArtwork@2x.png in Resources */ = {isa = PBXBuildFile; fileRef = 1882A40E192F62CC00BA54FA /* iTunesArtwork@2x.png */; };
		1882A440192F62D600BA54FA /* 1.plist in Resources */ = {isa = PBXBuildFile; fileRef = 1882A41F192F62D600BA54FA /* 1.plist */; };
		1882A441192F62D600BA54FA /* 1.png in Resources */ = {isa = PBXBuildFile; fileRef = 1882A420192F62D600BA54FA /* 1.png */; };
		1882A442192F62D600BA54FA /* bg.mp3 in Resources */ = {isa = PBXBuildFile; fileRef = 1882A422192F62D600BA54FA /* bg.mp3 */; };
		1882A443192F62D600BA54FA /* click.mp3 in Resources */ = {isa = PBXBuildFile; fileRef = 1882A423192F62D600BA54FA /* click.mp3 */; };
		1882A444192F62D600BA54FA /* eat.wav in Resources */ = {isa = PBXBuildFile; fileRef = 1882A424192F62D600BA54FA /* eat.wav */; };
		1882A445192F62D600BA54FA /* gameover.wav in Resources */ = {isa = PBXBuildFile; fileRef = 1882A425192F62D600BA54FA /* gameover.wav */; };
		1882A446192F62D600BA54FA /* direction.png in Resources */ = {isa = PBXBuildFile; fileRef = 1882A427192F62D600BA54FA /* direction.png */; };
		1882A447192F62D600BA54FA /* direction_1.png in Resources */ = {isa = PBXBuildFile; fileRef = 1882A428192F62D600BA54FA /* direction_1.png */; };
		1882A448192F62D600BA54FA /* home.png in Resources */ = {isa = PBXBuildFile; fileRef = 1882A429192F62D600BA54FA /* home.png */; };
		1882A449192F62D600BA54FA /* home_1.png in Resources */ = {isa = PBXBuildFile; fileRef = 1882A42A192F62D600BA54FA /* home_1.png */; };
		1882A44A192F62D600BA54FA /* menu.png in Resources */ = {isa = PBXBuildFile; fileRef = 1882A42B192F62D600BA54FA /* menu.png */; };
		1882A44B192F62D600BA54FA /* quan_1.png in Resources */ = {isa = PBXBuildFile; fileRef = 1882A42C192F62D600BA54FA /* quan_1.png */; };
		1882A44C192F62D600BA54FA /* quan_2.png in Resources */ = {isa = PBXBuildFile; fileRef = 1882A42D192F62D600BA54FA /* quan_2.png */; };
		1882A44D192F62D600BA54FA /* quan_3.png in Resources */ = {isa = PBXBuildFile; fileRef = 1882A42E192F62D600BA54FA /* quan_3.png */; };
		1882A44E192F62D600BA54FA /* quan_4.png in Resources */ = {isa = PBXBuildFile; fileRef = 1882A42F192F62D600BA54FA /* quan_4.png */; };
		1882A44F192F62D600BA54FA /* snake_body.png in Resources */ = {isa = PBXBuildFile; fileRef = 1882A430192F62D600BA54FA /* snake_body.png */; };
		1882A450192F62D600BA54FA /* snake_body_1.png in Resources */ = {isa = PBXBuildFile; fileRef = 1882A431192F62D600BA54FA /* snake_body_1.png */; };
		1882A451192F62D600BA54FA /* snake_body_2.png in Resources */ = {isa = PBXBuildFile; fileRef = 1882A432192F62D600BA54FA /* snake_body_2.png */; };
		1882A452192F62D600BA54FA /* snake_body_3.png in Resources */ = {isa = PBXBuildFile; fileRef = 1882A433192F62D600BA54FA /* snake_body_3.png */; };
		1882A453192F62D600BA54FA /* snake_body_4.png in Resources */ = {isa = PBXBuildFile; fileRef = 1882A434192F62D600BA54FA /* snake_body_4.png */; };
		1882A454192F62D600BA54FA /* snake_body_5.png in Resources */ = {isa = PBXBuildFile; fileRef = 1882A435192F62D600BA54FA /* snake_body_5.png */; };
		1882A455192F62D600BA54FA /* snake_food.png in Resources */ = {isa = PBXBuildFile; fileRef = 1882A436192F62D600BA54FA /* snake_food.png */; };
		1882A456192F62D600BA54FA /* snake_head.png in Resources */ = {isa = PBXBuildFile; fileRef = 1882A437192F62D600BA54FA /* snake_head.png */; };
		1882A457192F62D600BA54FA /* stage.png in Resources */ = {isa = PBXBuildFile; fileRef = 1882A438192F62D600BA54FA /* stage.png */; };
		1882A458192F62D600BA54FA /* welcome_bg.png in Resources */ = {isa = PBXBuildFile; fileRef = 1882A439192F62D600BA54FA /* welcome_bg.png */; };
		1882A459192F62D600BA54FA /* welcome_logo.png in Resources */ = {isa = PBXBuildFile; fileRef = 1882A43A192F62D600BA54FA /* welcome_logo.png */; };
		1882A45A192F62D600BA54FA /* welcome_qqbution.png in Resources */ = {isa = PBXBuildFile; fileRef = 1882A43B192F62D600BA54FA /* welcome_qqbution.png */; };
		1882A45B192F62D600BA54FA /* welcome_weibobution.png in Resources */ = {isa = PBXBuildFile; fileRef = 1882A43C192F62D600BA54FA /* welcome_weibobution.png */; };
		1882A45C192F62D600BA54FA /* Marker Felt.ttf in Resources */ = {isa = PBXBuildFile; fileRef = 1882A43E192F62D600BA54FA /* Marker Felt.ttf */; };
		1882A45D192F62D600BA54FA /* MarkerFelt.ttf in Resources */ = {isa = PBXBuildFile; fileRef = 1882A43F192F62D600BA54FA /* MarkerFelt.ttf */; };
		1882A4DF192F64C900BA54FA /* AppDelegate.cpp in Sources */ = {isa = PBXBuildFile; fileRef = 1882A4AB192F64C900BA54FA /* AppDelegate.cpp */; };
		1882A4E0192F64C900BA54FA /* Common.cpp in Sources */ = {isa = PBXBuildFile; fileRef = 1882A4AD192F64C900BA54FA /* Common.cpp */; };
		1882A4E1192F64C900BA54FA /* BnCallBack.cpp in Sources */ = {isa = PBXBuildFile; fileRef = 1882A4B0192F64C900BA54FA /* BnCallBack.cpp */; };
		1882A4E2192F64C900BA54FA /* BnInterface.cpp in Sources */ = {isa = PBXBuildFile; fileRef = 1882A4B2192F64C900BA54FA /* BnInterface.cpp */; };
		1882A4E3192F64C900BA54FA /* BnSDKCallback.cpp in Sources */ = {isa = PBXBuildFile; fileRef = 1882A4B4192F64C900BA54FA /* BnSDKCallback.cpp */; };
		1882A4E4192F64C900BA54FA /* FMContentJsonDictionary.cpp in Sources */ = {isa = PBXBuildFile; fileRef = 1882A4B9192F64C900BA54FA /* FMContentJsonDictionary.cpp */; };
		1882A4E5192F64C900BA54FA /* FMDictionaryHelper.cpp in Sources */ = {isa = PBXBuildFile; fileRef = 1882A4BB192F64C900BA54FA /* FMDictionaryHelper.cpp */; };
		1882A4E6192F64C900BA54FA /* FMjson_internalarray.inl in Resources */ = {isa = PBXBuildFile; fileRef = 1882A4C0192F64C900BA54FA /* FMjson_internalarray.inl */; };
		1882A4E7192F64C900BA54FA /* FMjson_internalmap.inl in Resources */ = {isa = PBXBuildFile; fileRef = 1882A4C1192F64C900BA54FA /* FMjson_internalmap.inl */; };
		1882A4E8192F64C900BA54FA /* FMjson_reader.cpp in Sources */ = {isa = PBXBuildFile; fileRef = 1882A4C3192F64C900BA54FA /* FMjson_reader.cpp */; };
		1882A4E9192F64C900BA54FA /* FMjson_value.cpp in Sources */ = {isa = PBXBuildFile; fileRef = 1882A4C5192F64C900BA54FA /* FMjson_value.cpp */; };
		1882A4EA192F64C900BA54FA /* FMjson_valueiterator.inl in Resources */ = {isa = PBXBuildFile; fileRef = 1882A4C6192F64C900BA54FA /* FMjson_valueiterator.inl */; };
		1882A4EB192F64C900BA54FA /* FMjson_writer.cpp in Sources */ = {isa = PBXBuildFile; fileRef = 1882A4C7192F64C900BA54FA /* FMjson_writer.cpp */; };
		1882A4EC192F64C900BA54FA /* sconscript in Resources */ = {isa = PBXBuildFile; fileRef = 1882A4CB192F64C900BA54FA /* sconscript */; };
		1882A4ED192F64C900BA54FA /* CostomeKeyPadDelegae.cpp in Sources */ = {isa = PBXBuildFile; fileRef = 1882A4CC192F64C900BA54FA /* CostomeKeyPadDelegae.cpp */; };
		1882A4EE192F64C900BA54FA /* GameLayer.cpp in Sources */ = {isa = PBXBuildFile; fileRef = 1882A4CF192F64C900BA54FA /* GameLayer.cpp */; };
		1882A4EF192F64C900BA54FA /* GameManager.cpp in Sources */ = {isa = PBXBuildFile; fileRef = 1882A4D1192F64C900BA54FA /* GameManager.cpp */; };
		1882A4F0192F64C900BA54FA /* GameOver.cpp in Sources */ = {isa = PBXBuildFile; fileRef = 1882A4D3192F64C900BA54FA /* GameOver.cpp */; };
		1882A4F1192F64C900BA54FA /* GameView.cpp in Sources */ = {isa = PBXBuildFile; fileRef = 1882A4D5192F64C900BA54FA /* GameView.cpp */; };
		1882A4F2192F64C900BA54FA /* HelloWorldScene.cpp in Sources */ = {isa = PBXBuildFile; fileRef = 1882A4D7192F64C900BA54FA /* HelloWorldScene.cpp */; };
		1882A4F3192F64C900BA54FA /* Menu.cpp in Sources */ = {isa = PBXBuildFile; fileRef = 1882A4D9192F64C900BA54FA /* Menu.cpp */; };
		1882A4F4192F64C900BA54FA /* SnakeNode.cpp in Sources */ = {isa = PBXBuildFile; fileRef = 1882A4DB192F64C900BA54FA /* SnakeNode.cpp */; };
		1882A4F5192F64C900BA54FA /* Welcome.cpp in Sources */ = {isa = PBXBuildFile; fileRef = 1882A4DD192F64C900BA54FA /* Welcome.cpp */; };
		1882A4FB192F64D600BA54FA /* coralsdk.mm in Sources */ = {isa = PBXBuildFile; fileRef = 1882A4F8192F64D600BA54FA /* coralsdk.mm */; };
		1882A4FC192F64D600BA54FA /* XcodeCallback.mm in Sources */ = {isa = PBXBuildFile; fileRef = 1882A4FA192F64D600BA54FA /* XcodeCallback.mm */; };
		1882A513192F6C8800BA54FA /* cheers.wav in Resources */ = {isa = PBXBuildFile; fileRef = 1882A509192F6C8800BA54FA /* cheers.wav */; };
		1882A514192F6C8800BA54FA /* click.wav in Resources */ = {isa = PBXBuildFile; fileRef = 1882A50A192F6C8800BA54FA /* click.wav */; };
		1882A515192F6C8800BA54FA /* fireworks_01.wav in Resources */ = {isa = PBXBuildFile; fileRef = 1882A50B192F6C8800BA54FA /* fireworks_01.wav */; };
		1882A516192F6C8800BA54FA /* fireworks_02.wav in Resources */ = {isa = PBXBuildFile; fileRef = 1882A50C192F6C8800BA54FA /* fireworks_02.wav */; };
		1882A517192F6C8800BA54FA /* fireworks_03.wav in Resources */ = {isa = PBXBuildFile; fileRef = 1882A50D192F6C8800BA54FA /* fireworks_03.wav */; };
		1882A518192F6C8800BA54FA /* landing.wav in Resources */ = {isa = PBXBuildFile; fileRef = 1882A50E192F6C8800BA54FA /* landing.wav */; };
		1882A519192F6C8800BA54FA /* movend.wav in Resources */ = {isa = PBXBuildFile; fileRef = 1882A50F192F6C8800BA54FA /* movend.wav */; };
		1882A51A192F6C8800BA54FA /* pop_star.wav in Resources */ = {isa = PBXBuildFile; fileRef = 1882A510192F6C8800BA54FA /* pop_star.wav */; };
		1882A51B192F6C8800BA54FA /* select.wav in Resources */ = {isa = PBXBuildFile; fileRef = 1882A511192F6C8800BA54FA /* select.wav */; };
		1882A51C192F6C8800BA54FA /* button_start.wav in Resources */ = {isa = PBXBuildFile; fileRef = 1882A512192F6C8800BA54FA /* button_start.wav */; };
		1AC6FB1F180E996B004C840B /* libbox2d Mac.a in Frameworks */ = {isa = PBXBuildFile; fileRef = 1AC6FAFF180E9839004C840B /* libbox2d Mac.a */; };
		1AC6FB20180E996B004C840B /* libchipmunk Mac.a in Frameworks */ = {isa = PBXBuildFile; fileRef = 1AC6FAFD180E9839004C840B /* libchipmunk Mac.a */; };
		1AC6FB21180E996B004C840B /* libcocos2dx Mac.a in Frameworks */ = {isa = PBXBuildFile; fileRef = 1AC6FAF9180E9839004C840B /* libcocos2dx Mac.a */; };
		1AC6FB22180E996B004C840B /* libcocos2dx-extensions Mac.a in Frameworks */ = {isa = PBXBuildFile; fileRef = 1AC6FAFB180E9839004C840B /* libcocos2dx-extensions Mac.a */; };
		1AC6FB23180E996B004C840B /* libCocosDenshion Mac.a in Frameworks */ = {isa = PBXBuildFile; fileRef = 1AC6FB01180E9839004C840B /* libCocosDenshion Mac.a */; };
		1AC6FB2E180E99EB004C840B /* libbox2d iOS.a in Frameworks */ = {isa = PBXBuildFile; fileRef = 1AC6FB0D180E9839004C840B /* libbox2d iOS.a */; };
		1AC6FB2F180E99EB004C840B /* libchipmunk iOS.a in Frameworks */ = {isa = PBXBuildFile; fileRef = 1AC6FB0B180E9839004C840B /* libchipmunk iOS.a */; };
		1AC6FB30180E99EB004C840B /* libcocos2dx iOS.a in Frameworks */ = {isa = PBXBuildFile; fileRef = 1AC6FB07180E9839004C840B /* libcocos2dx iOS.a */; };
		1AC6FB31180E99EB004C840B /* libcocos2dx-extensions iOS.a in Frameworks */ = {isa = PBXBuildFile; fileRef = 1AC6FB09180E9839004C840B /* libcocos2dx-extensions iOS.a */; };
		1AC6FB32180E99EB004C840B /* libCocosDenshion iOS.a in Frameworks */ = {isa = PBXBuildFile; fileRef = 1AC6FB0F180E9839004C840B /* libCocosDenshion iOS.a */; };
		1AFAF8BC16D35E4900DB1158 /* CloseNormal.png in Resources */ = {isa = PBXBuildFile; fileRef = 1AFAF8B916D35E4900DB1158 /* CloseNormal.png */; };
		1AFAF8BD16D35E4900DB1158 /* CloseSelected.png in Resources */ = {isa = PBXBuildFile; fileRef = 1AFAF8BA16D35E4900DB1158 /* CloseSelected.png */; };
		1AFAF8BE16D35E4900DB1158 /* HelloWorld.png in Resources */ = {isa = PBXBuildFile; fileRef = 1AFAF8BB16D35E4900DB1158 /* HelloWorld.png */; };
		1D60589F0D05DD5A006BFB54 /* Foundation.framework in Frameworks */ = {isa = PBXBuildFile; fileRef = 1D30AB110D05D00D00671497 /* Foundation.framework */; };
		1DF5F4E00D08C38300B7A737 /* UIKit.framework in Frameworks */ = {isa = PBXBuildFile; fileRef = 1DF5F4DF0D08C38300B7A737 /* UIKit.framework */; };
		1L8LBMDF64I8NOM44NQ7614O /* SystemConfiguration.framework in Frameworks */ = {isa = PBXBuildFile; fileRef = 1ZG8BZL595SIIGRX6KB9E0KO /* SystemConfiguration.framework */; };
		288765A50DF7441C002DB57D /* CoreGraphics.framework in Frameworks */ = {isa = PBXBuildFile; fileRef = 288765A40DF7441C002DB57D /* CoreGraphics.framework */; };
		2SQR2F20171E9FQ24RS51B3S /* CoreData.framework in Frameworks */ = {isa = PBXBuildFile; fileRef = VYFHP4AX7AKJOGD3GE852QBG /* CoreData.framework */; };
		503AE0F817EB97AB00D1A890 /* Icon.icns in Resources */ = {isa = PBXBuildFile; fileRef = 503AE0F617EB97AB00D1A890 /* Icon.icns */; };
		503AE10017EB989F00D1A890 /* AppController.mm in Sources */ = {isa = PBXBuildFile; fileRef = 503AE0FB17EB989F00D1A890 /* AppController.mm */; };
		503AE10117EB989F00D1A890 /* main.m in Sources */ = {isa = PBXBuildFile; fileRef = 503AE0FC17EB989F00D1A890 /* main.m */; };
		503AE10217EB989F00D1A890 /* RootViewController.mm in Sources */ = {isa = PBXBuildFile; fileRef = 503AE0FF17EB989F00D1A890 /* RootViewController.mm */; };
		503AE10517EB98FF00D1A890 /* main.cpp in Sources */ = {isa = PBXBuildFile; fileRef = 503AE10317EB98FF00D1A890 /* main.cpp */; };
		503AE11217EB99EE00D1A890 /* libcurl.dylib in Frameworks */ = {isa = PBXBuildFile; fileRef = 503AE11117EB99EE00D1A890 /* libcurl.dylib */; };
		503AE11B17EB9C5A00D1A890 /* IOKit.framework in Frameworks */ = {isa = PBXBuildFile; fileRef = 503AE11A17EB9C5A00D1A890 /* IOKit.framework */; };
		5087E75317EB910900C73F5D /* CloseNormal.png in Resources */ = {isa = PBXBuildFile; fileRef = 1AFAF8B916D35E4900DB1158 /* CloseNormal.png */; };
		5087E75417EB910900C73F5D /* CloseSelected.png in Resources */ = {isa = PBXBuildFile; fileRef = 1AFAF8BA16D35E4900DB1158 /* CloseSelected.png */; };
		5087E75517EB910900C73F5D /* HelloWorld.png in Resources */ = {isa = PBXBuildFile; fileRef = 1AFAF8BB16D35E4900DB1158 /* HelloWorld.png */; };
		5087E76317EB910900C73F5D /* Foundation.framework in Frameworks */ = {isa = PBXBuildFile; fileRef = 1D30AB110D05D00D00671497 /* Foundation.framework */; };
		5087E76517EB910900C73F5D /* CoreGraphics.framework in Frameworks */ = {isa = PBXBuildFile; fileRef = 288765A40DF7441C002DB57D /* CoreGraphics.framework */; };
		5087E76717EB910900C73F5D /* libz.dylib in Frameworks */ = {isa = PBXBuildFile; fileRef = BF170DB412928DE900B8313A /* libz.dylib */; };
		5087E76817EB910900C73F5D /* QuartzCore.framework in Frameworks */ = {isa = PBXBuildFile; fileRef = BF1C47EA1293683800B63C5D /* QuartzCore.framework */; };
		5087E76917EB910900C73F5D /* OpenAL.framework in Frameworks */ = {isa = PBXBuildFile; fileRef = D44C620B132DFF330009C878 /* OpenAL.framework */; };
		5087E76A17EB910900C73F5D /* AVFoundation.framework in Frameworks */ = {isa = PBXBuildFile; fileRef = D44C620D132DFF430009C878 /* AVFoundation.framework */; };
		5087E76B17EB910900C73F5D /* AudioToolbox.framework in Frameworks */ = {isa = PBXBuildFile; fileRef = D44C620F132DFF4E0009C878 /* AudioToolbox.framework */; };
		5087E77D17EB970100C73F5D /* Default-568h@2x.png in Resources */ = {isa = PBXBuildFile; fileRef = 5087E77217EB970100C73F5D /* Default-568h@2x.png */; };
		5087E77E17EB970100C73F5D /* Default.png in Resources */ = {isa = PBXBuildFile; fileRef = 5087E77317EB970100C73F5D /* Default.png */; };
		5087E77F17EB970100C73F5D /* Default@2x.png in Resources */ = {isa = PBXBuildFile; fileRef = 5087E77417EB970100C73F5D /* Default@2x.png */; };
		5087E78017EB970100C73F5D /* Icon-114.png in Resources */ = {isa = PBXBuildFile; fileRef = 5087E77517EB970100C73F5D /* Icon-114.png */; };
		5087E78117EB970100C73F5D /* Icon-120.png in Resources */ = {isa = PBXBuildFile; fileRef = 5087E77617EB970100C73F5D /* Icon-120.png */; };
		5087E78217EB970100C73F5D /* Icon-144.png in Resources */ = {isa = PBXBuildFile; fileRef = 5087E77717EB970100C73F5D /* Icon-144.png */; };
		5087E78317EB970100C73F5D /* Icon-152.png in Resources */ = {isa = PBXBuildFile; fileRef = 5087E77817EB970100C73F5D /* Icon-152.png */; };
		5087E78417EB970100C73F5D /* Icon-57.png in Resources */ = {isa = PBXBuildFile; fileRef = 5087E77917EB970100C73F5D /* Icon-57.png */; };
		5087E78517EB970100C73F5D /* Icon-72.png in Resources */ = {isa = PBXBuildFile; fileRef = 5087E77A17EB970100C73F5D /* Icon-72.png */; };
		5087E78617EB970100C73F5D /* Icon-76.png in Resources */ = {isa = PBXBuildFile; fileRef = 5087E77B17EB970100C73F5D /* Icon-76.png */; };
		5087E78917EB974C00C73F5D /* AppKit.framework in Frameworks */ = {isa = PBXBuildFile; fileRef = 5087E78817EB974C00C73F5D /* AppKit.framework */; };
		5087E78B17EB975400C73F5D /* OpenGL.framework in Frameworks */ = {isa = PBXBuildFile; fileRef = 5087E78A17EB975400C73F5D /* OpenGL.framework */; };
		50EF629617ECD46A001EB2F8 /* Icon-40.png in Resources */ = {isa = PBXBuildFile; fileRef = 50EF629217ECD46A001EB2F8 /* Icon-40.png */; };
		50EF629717ECD46A001EB2F8 /* Icon-58.png in Resources */ = {isa = PBXBuildFile; fileRef = 50EF629317ECD46A001EB2F8 /* Icon-58.png */; };
		50EF629817ECD46A001EB2F8 /* Icon-80.png in Resources */ = {isa = PBXBuildFile; fileRef = 50EF629417ECD46A001EB2F8 /* Icon-80.png */; };
		50EF629917ECD46A001EB2F8 /* Icon-100.png in Resources */ = {isa = PBXBuildFile; fileRef = 50EF629517ECD46A001EB2F8 /* Icon-100.png */; };
		50EF62A217ECD613001EB2F8 /* Icon-29.png in Resources */ = {isa = PBXBuildFile; fileRef = 50EF62A017ECD613001EB2F8 /* Icon-29.png */; };
		50EF62A317ECD613001EB2F8 /* Icon-50.png in Resources */ = {isa = PBXBuildFile; fileRef = 50EF62A117ECD613001EB2F8 /* Icon-50.png */; };
		6ASZP3YOZ4UXSE4CLOO1B5OG /* BattleWorkBundleH.bundle in Resources */ = {isa = PBXBuildFile; fileRef = 6T0G9B8WZ2QT1CNNG1D3ZV1Q /* BattleWorkBundleH.bundle */; };
		8FY6WLZKWTBUVENAA33SQJCK /* CoreText.framework in Frameworks */ = {isa = PBXBuildFile; fileRef = ZFVAP7XMGEX0D8Z1G6O2ROKX /* CoreText.framework */; };
		BF171245129291EC00B8313A /* OpenGLES.framework in Frameworks */ = {isa = PBXBuildFile; fileRef = BF170DB012928DE900B8313A /* OpenGLES.framework */; };
		BF1712471292920000B8313A /* libz.dylib in Frameworks */ = {isa = PBXBuildFile; fileRef = BF170DB412928DE900B8313A /* libz.dylib */; };
		BF1C47F01293687400B63C5D /* QuartzCore.framework in Frameworks */ = {isa = PBXBuildFile; fileRef = BF1C47EA1293683800B63C5D /* QuartzCore.framework */; };
		CK8OSGSIXWTH3GHYV5SCV92W /* StoreKit.framework in Frameworks */ = {isa = PBXBuildFile; fileRef = 8H8MRP7LMXHB232I0GISLIAB /* StoreKit.framework */; };
		CO9MF4KYPPDWAF1VCJR8AT25 /* libsqlite3.0.dylib in Frameworks */ = {isa = PBXBuildFile; fileRef = R4H6HLLFI6LS0TYNAKGVEA3S /* libsqlite3.0.dylib */; };
		D44C620C132DFF330009C878 /* OpenAL.framework in Frameworks */ = {isa = PBXBuildFile; fileRef = D44C620B132DFF330009C878 /* OpenAL.framework */; };
		D44C620E132DFF430009C878 /* AVFoundation.framework in Frameworks */ = {isa = PBXBuildFile; fileRef = D44C620D132DFF430009C878 /* AVFoundation.framework */; };
		D44C6210132DFF4E0009C878 /* AudioToolbox.framework in Frameworks */ = {isa = PBXBuildFile; fileRef = D44C620F132DFF4E0009C878 /* AudioToolbox.framework */; };
		D6B0611B1803AB670077942B /* CoreMotion.framework in Frameworks */ = {isa = PBXBuildFile; fileRef = D6B0611A1803AB670077942B /* CoreMotion.framework */; };
		IGACZBRXSRKIUWCSVLYQF5T6 /* CoreLocation.framework in Frameworks */ = {isa = PBXBuildFile; fileRef = 1CTG0QPJ5E8G9PPAX2Q9SF8S /* CoreLocation.framework */; };
		K7O2HISRE2FWI8M8942XNKJF /* BattleWorkLibrary.framework in Frameworks */ = {isa = PBXBuildFile; fileRef = D99WFHBQG4D5UNCR0GZDI661 /* BattleWorkLibrary.framework */; };
		NW72WE91F9HWBZVKP2VB0RI7 /* BattleWorkBundleV.bundle in Resources */ = {isa = PBXBuildFile; fileRef = B3BUKRS29AMRJK96VBJ2WHX7 /* BattleWorkBundleV.bundle */; };
		QSS4QUWA83CIITIFJKJKL1KP /* FunChatLoginSDK.framework in Frameworks */ = {isa = PBXBuildFile; fileRef = Z7TEWM4D9MYYGSSWGMQXXXIJ /* FunChatLoginSDK.framework */; };
		UIW0LMIBHCO5FHJ4C74LD6GM /* CFNetwork.framework in Frameworks */ = {isa = PBXBuildFile; fileRef = CTF53APAIFG9E22N9D7URWO9 /* CFNetwork.framework */; };
		USOHBX7CFL2398KQX6P805F9 /* CoreFoundation.framework in Frameworks */ = {isa = PBXBuildFile; fileRef = GKWDTQDAXKJ0ZC8PFBCWOKOI /* CoreFoundation.framework */; };
		VY9IJTPPEW3BF9Y11P4JZUWC /* libz.1.2.5.dylib in Frameworks */ = {isa = PBXBuildFile; fileRef = OF6XW33VVGB8QSOUH53YNBUQ /* libz.1.2.5.dylib */; };
/* End PBXBuildFile section */

/* Begin PBXContainerItemProxy section */
		1AC6FAF8180E9839004C840B /* PBXContainerItemProxy */ = {
			isa = PBXContainerItemProxy;
			containerPortal = 1AC6FAE5180E9839004C840B /* cocos2d_libs.xcodeproj */;
			proxyType = 2;
			remoteGlobalIDString = 1551A33F158F2AB200E66CFE;
			remoteInfo = "cocos2dx Mac";
		};
		1AC6FAFA180E9839004C840B /* PBXContainerItemProxy */ = {
			isa = PBXContainerItemProxy;
			containerPortal = 1AC6FAE5180E9839004C840B /* cocos2d_libs.xcodeproj */;
			proxyType = 2;
			remoteGlobalIDString = A03F2FD617814595006731B9;
			remoteInfo = "cocos2dx-extensions Mac";
		};
		1AC6FAFC180E9839004C840B /* PBXContainerItemProxy */ = {
			isa = PBXContainerItemProxy;
			containerPortal = 1AC6FAE5180E9839004C840B /* cocos2d_libs.xcodeproj */;
			proxyType = 2;
			remoteGlobalIDString = A03F2CB81780BD04006731B9;
			remoteInfo = "chipmunk Mac";
		};
		1AC6FAFE180E9839004C840B /* PBXContainerItemProxy */ = {
			isa = PBXContainerItemProxy;
			containerPortal = 1AC6FAE5180E9839004C840B /* cocos2d_libs.xcodeproj */;
			proxyType = 2;
			remoteGlobalIDString = A03F2D9B1780BDF7006731B9;
			remoteInfo = "box2d Mac";
		};
		1AC6FB00180E9839004C840B /* PBXContainerItemProxy */ = {
			isa = PBXContainerItemProxy;
			containerPortal = 1AC6FAE5180E9839004C840B /* cocos2d_libs.xcodeproj */;
			proxyType = 2;
			remoteGlobalIDString = A03F2ED617814268006731B9;
			remoteInfo = "CocosDenshion Mac";
		};
		1AC6FB06180E9839004C840B /* PBXContainerItemProxy */ = {
			isa = PBXContainerItemProxy;
			containerPortal = 1AC6FAE5180E9839004C840B /* cocos2d_libs.xcodeproj */;
			proxyType = 2;
			remoteGlobalIDString = A07A4D641783777C0073F6A7;
			remoteInfo = "cocos2dx iOS";
		};
		1AC6FB08180E9839004C840B /* PBXContainerItemProxy */ = {
			isa = PBXContainerItemProxy;
			containerPortal = 1AC6FAE5180E9839004C840B /* cocos2d_libs.xcodeproj */;
			proxyType = 2;
			remoteGlobalIDString = A07A4EFC1783867C0073F6A7;
			remoteInfo = "cocos2dx-extensions iOS";
		};
		1AC6FB0A180E9839004C840B /* PBXContainerItemProxy */ = {
			isa = PBXContainerItemProxy;
			containerPortal = 1AC6FAE5180E9839004C840B /* cocos2d_libs.xcodeproj */;
			proxyType = 2;
			remoteGlobalIDString = A07A4F3B178387670073F6A7;
			remoteInfo = "chipmunk iOS";
		};
		1AC6FB0C180E9839004C840B /* PBXContainerItemProxy */ = {
			isa = PBXContainerItemProxy;
			containerPortal = 1AC6FAE5180E9839004C840B /* cocos2d_libs.xcodeproj */;
			proxyType = 2;
			remoteGlobalIDString = A07A4F9E1783876B0073F6A7;
			remoteInfo = "box2d iOS";
		};
		1AC6FB0E180E9839004C840B /* PBXContainerItemProxy */ = {
			isa = PBXContainerItemProxy;
			containerPortal = 1AC6FAE5180E9839004C840B /* cocos2d_libs.xcodeproj */;
			proxyType = 2;
			remoteGlobalIDString = A07A4FB4178387730073F6A7;
			remoteInfo = "CocosDenshion iOS";
		};
		1AC6FB15180E9959004C840B /* PBXContainerItemProxy */ = {
			isa = PBXContainerItemProxy;
			containerPortal = 1AC6FAE5180E9839004C840B /* cocos2d_libs.xcodeproj */;
			proxyType = 1;
			remoteGlobalIDString = 1551A33E158F2AB200E66CFE;
			remoteInfo = "cocos2dx Mac";
		};
		1AC6FB17180E9959004C840B /* PBXContainerItemProxy */ = {
			isa = PBXContainerItemProxy;
			containerPortal = 1AC6FAE5180E9839004C840B /* cocos2d_libs.xcodeproj */;
			proxyType = 1;
			remoteGlobalIDString = A03F2FC117814595006731B9;
			remoteInfo = "cocos2dx-extensions Mac";
		};
		1AC6FB19180E9959004C840B /* PBXContainerItemProxy */ = {
			isa = PBXContainerItemProxy;
			containerPortal = 1AC6FAE5180E9839004C840B /* cocos2d_libs.xcodeproj */;
			proxyType = 1;
			remoteGlobalIDString = A03F2B781780BD04006731B9;
			remoteInfo = "chipmunk Mac";
		};
		1AC6FB1B180E9959004C840B /* PBXContainerItemProxy */ = {
			isa = PBXContainerItemProxy;
			containerPortal = 1AC6FAE5180E9839004C840B /* cocos2d_libs.xcodeproj */;
			proxyType = 1;
			remoteGlobalIDString = A03F2E9817814268006731B9;
			remoteInfo = "CocosDenshion Mac";
		};
		1AC6FB1D180E9963004C840B /* PBXContainerItemProxy */ = {
			isa = PBXContainerItemProxy;
			containerPortal = 1AC6FAE5180E9839004C840B /* cocos2d_libs.xcodeproj */;
			proxyType = 1;
			remoteGlobalIDString = A03F2D5D1780BDF7006731B9;
			remoteInfo = "box2d Mac";
		};
		1AC6FB24180E99E1004C840B /* PBXContainerItemProxy */ = {
			isa = PBXContainerItemProxy;
			containerPortal = 1AC6FAE5180E9839004C840B /* cocos2d_libs.xcodeproj */;
			proxyType = 1;
			remoteGlobalIDString = A07A4C241783777C0073F6A7;
			remoteInfo = "cocos2dx iOS";
		};
		1AC6FB26180E99E1004C840B /* PBXContainerItemProxy */ = {
			isa = PBXContainerItemProxy;
			containerPortal = 1AC6FAE5180E9839004C840B /* cocos2d_libs.xcodeproj */;
			proxyType = 1;
			remoteGlobalIDString = A07A4E111783867C0073F6A7;
			remoteInfo = "cocos2dx-extensions iOS";
		};
		1AC6FB28180E99E1004C840B /* PBXContainerItemProxy */ = {
			isa = PBXContainerItemProxy;
			containerPortal = 1AC6FAE5180E9839004C840B /* cocos2d_libs.xcodeproj */;
			proxyType = 1;
			remoteGlobalIDString = A07A4EFD178387670073F6A7;
			remoteInfo = "chipmunk iOS";
		};
		1AC6FB2A180E99E1004C840B /* PBXContainerItemProxy */ = {
			isa = PBXContainerItemProxy;
			containerPortal = 1AC6FAE5180E9839004C840B /* cocos2d_libs.xcodeproj */;
			proxyType = 1;
			remoteGlobalIDString = A07A4F3C1783876B0073F6A7;
			remoteInfo = "box2d iOS";
		};
		1AC6FB2C180E99E1004C840B /* PBXContainerItemProxy */ = {
			isa = PBXContainerItemProxy;
			containerPortal = 1AC6FAE5180E9839004C840B /* cocos2d_libs.xcodeproj */;
			proxyType = 1;
			remoteGlobalIDString = A07A4F9F178387730073F6A7;
			remoteInfo = "CocosDenshion iOS";
		};
/* End PBXContainerItemProxy section */

/* Begin PBXFileReference section */
		1882A400192F62CC00BA54FA /* Default-Landscape@2x~ipad.png */ = {isa = PBXFileReference; lastKnownFileType = image.png; path = "Default-Landscape@2x~ipad.png"; sourceTree = "<group>"; };
		1882A401192F62CC00BA54FA /* Default-Landscape~ipad.png */ = {isa = PBXFileReference; lastKnownFileType = image.png; path = "Default-Landscape~ipad.png"; sourceTree = "<group>"; };
		1882A402192F62CC00BA54FA /* Default-Portrait@2x~ipad.png */ = {isa = PBXFileReference; lastKnownFileType = image.png; path = "Default-Portrait@2x~ipad.png"; sourceTree = "<group>"; };
		1882A403192F62CC00BA54FA /* Default~ipad.png */ = {isa = PBXFileReference; lastKnownFileType = image.png; path = "Default~ipad.png"; sourceTree = "<group>"; };
		1882A404192F62CC00BA54FA /* Default~iphone.png */ = {isa = PBXFileReference; lastKnownFileType = image.png; path = "Default~iphone.png"; sourceTree = "<group>"; };
		1882A405192F62CC00BA54FA /* Icon-57@2x.png */ = {isa = PBXFileReference; lastKnownFileType = image.png; path = "Icon-57@2x.png"; sourceTree = "<group>"; };
		1882A406192F62CC00BA54FA /* Icon-512.png */ = {isa = PBXFileReference; lastKnownFileType = image.png; path = "Icon-512.png"; sourceTree = "<group>"; };
		1882A407192F62CC00BA54FA /* Icon-Small-50.png */ = {isa = PBXFileReference; lastKnownFileType = image.png; path = "Icon-Small-50.png"; sourceTree = "<group>"; };
		1882A408192F62CC00BA54FA /* Icon-Small-50@2x.png */ = {isa = PBXFileReference; lastKnownFileType = image.png; path = "Icon-Small-50@2x.png"; sourceTree = "<group>"; };
		1882A409192F62CC00BA54FA /* Icon-Small.png */ = {isa = PBXFileReference; lastKnownFileType = image.png; path = "Icon-Small.png"; sourceTree = "<group>"; };
		1882A40A192F62CC00BA54FA /* Icon-Small@2x.png */ = {isa = PBXFileReference; lastKnownFileType = image.png; path = "Icon-Small@2x.png"; sourceTree = "<group>"; };
		1882A40B192F62CC00BA54FA /* Icon.png */ = {isa = PBXFileReference; lastKnownFileType = image.png; path = Icon.png; sourceTree = "<group>"; };
		1882A40C192F62CC00BA54FA /* Icon@2x.png */ = {isa = PBXFileReference; lastKnownFileType = image.png; path = "Icon@2x.png"; sourceTree = "<group>"; };
		1882A40D192F62CC00BA54FA /* iTunesArtwork.png */ = {isa = PBXFileReference; lastKnownFileType = image.png; path = iTunesArtwork.png; sourceTree = "<group>"; };
		1882A40E192F62CC00BA54FA /* iTunesArtwork@2x.png */ = {isa = PBXFileReference; lastKnownFileType = image.png; path = "iTunesArtwork@2x.png"; sourceTree = "<group>"; };
		1882A41F192F62D600BA54FA /* 1.plist */ = {isa = PBXFileReference; fileEncoding = 4; lastKnownFileType = text.plist.xml; path = 1.plist; sourceTree = "<group>"; };
		1882A420192F62D600BA54FA /* 1.png */ = {isa = PBXFileReference; lastKnownFileType = image.png; path = 1.png; sourceTree = "<group>"; };
		1882A422192F62D600BA54FA /* bg.mp3 */ = {isa = PBXFileReference; lastKnownFileType = audio.mp3; path = bg.mp3; sourceTree = "<group>"; };
		1882A423192F62D600BA54FA /* click.mp3 */ = {isa = PBXFileReference; lastKnownFileType = audio.mp3; path = click.mp3; sourceTree = "<group>"; };
		1882A424192F62D600BA54FA /* eat.wav */ = {isa = PBXFileReference; lastKnownFileType = audio.wav; path = eat.wav; sourceTree = "<group>"; };
		1882A425192F62D600BA54FA /* gameover.wav */ = {isa = PBXFileReference; lastKnownFileType = audio.wav; path = gameover.wav; sourceTree = "<group>"; };
		1882A427192F62D600BA54FA /* direction.png */ = {isa = PBXFileReference; lastKnownFileType = image.png; path = direction.png; sourceTree = "<group>"; };
		1882A428192F62D600BA54FA /* direction_1.png */ = {isa = PBXFileReference; lastKnownFileType = image.png; path = direction_1.png; sourceTree = "<group>"; };
		1882A429192F62D600BA54FA /* home.png */ = {isa = PBXFileReference; lastKnownFileType = image.png; path = home.png; sourceTree = "<group>"; };
		1882A42A192F62D600BA54FA /* home_1.png */ = {isa = PBXFileReference; lastKnownFileType = image.png; path = home_1.png; sourceTree = "<group>"; };
		1882A42B192F62D600BA54FA /* menu.png */ = {isa = PBXFileReference; lastKnownFileType = image.png; path = menu.png; sourceTree = "<group>"; };
		1882A42C192F62D600BA54FA /* quan_1.png */ = {isa = PBXFileReference; lastKnownFileType = image.png; path = quan_1.png; sourceTree = "<group>"; };
		1882A42D192F62D600BA54FA /* quan_2.png */ = {isa = PBXFileReference; lastKnownFileType = image.png; path = quan_2.png; sourceTree = "<group>"; };
		1882A42E192F62D600BA54FA /* quan_3.png */ = {isa = PBXFileReference; lastKnownFileType = image.png; path = quan_3.png; sourceTree = "<group>"; };
		1882A42F192F62D600BA54FA /* quan_4.png */ = {isa = PBXFileReference; lastKnownFileType = image.png; path = quan_4.png; sourceTree = "<group>"; };
		1882A430192F62D600BA54FA /* snake_body.png */ = {isa = PBXFileReference; lastKnownFileType = image.png; path = snake_body.png; sourceTree = "<group>"; };
		1882A431192F62D600BA54FA /* snake_body_1.png */ = {isa = PBXFileReference; lastKnownFileType = image.png; path = snake_body_1.png; sourceTree = "<group>"; };
		1882A432192F62D600BA54FA /* snake_body_2.png */ = {isa = PBXFileReference; lastKnownFileType = image.png; path = snake_body_2.png; sourceTree = "<group>"; };
		1882A433192F62D600BA54FA /* snake_body_3.png */ = {isa = PBXFileReference; lastKnownFileType = image.png; path = snake_body_3.png; sourceTree = "<group>"; };
		1882A434192F62D600BA54FA /* snake_body_4.png */ = {isa = PBXFileReference; lastKnownFileType = image.png; path = snake_body_4.png; sourceTree = "<group>"; };
		1882A435192F62D600BA54FA /* snake_body_5.png */ = {isa = PBXFileReference; lastKnownFileType = image.png; path = snake_body_5.png; sourceTree = "<group>"; };
		1882A436192F62D600BA54FA /* snake_food.png */ = {isa = PBXFileReference; lastKnownFileType = image.png; path = snake_food.png; sourceTree = "<group>"; };
		1882A437192F62D600BA54FA /* snake_head.png */ = {isa = PBXFileReference; lastKnownFileType = image.png; path = snake_head.png; sourceTree = "<group>"; };
		1882A438192F62D600BA54FA /* stage.png */ = {isa = PBXFileReference; lastKnownFileType = image.png; path = stage.png; sourceTree = "<group>"; };
		1882A439192F62D600BA54FA /* welcome_bg.png */ = {isa = PBXFileReference; lastKnownFileType = image.png; path = welcome_bg.png; sourceTree = "<group>"; };
		1882A43A192F62D600BA54FA /* welcome_logo.png */ = {isa = PBXFileReference; lastKnownFileType = image.png; path = welcome_logo.png; sourceTree = "<group>"; };
		1882A43B192F62D600BA54FA /* welcome_qqbution.png */ = {isa = PBXFileReference; lastKnownFileType = image.png; path = welcome_qqbution.png; sourceTree = "<group>"; };
		1882A43C192F62D600BA54FA /* welcome_weibobution.png */ = {isa = PBXFileReference; lastKnownFileType = image.png; path = welcome_weibobution.png; sourceTree = "<group>"; };
		1882A43E192F62D600BA54FA /* Marker Felt.ttf */ = {isa = PBXFileReference; lastKnownFileType = file; path = "Marker Felt.ttf"; sourceTree = "<group>"; };
		1882A43F192F62D600BA54FA /* MarkerFelt.ttf */ = {isa = PBXFileReference; lastKnownFileType = file; path = MarkerFelt.ttf; sourceTree = "<group>"; };
		1882A4AB192F64C900BA54FA /* AppDelegate.cpp */ = {isa = PBXFileReference; fileEncoding = 4; lastKnownFileType = sourcecode.cpp.cpp; path = AppDelegate.cpp; sourceTree = "<group>"; };
		1882A4AC192F64C900BA54FA /* AppDelegate.h */ = {isa = PBXFileReference; fileEncoding = 4; lastKnownFileType = sourcecode.c.h; path = AppDelegate.h; sourceTree = "<group>"; };
		1882A4AD192F64C900BA54FA /* Common.cpp */ = {isa = PBXFileReference; fileEncoding = 4; lastKnownFileType = sourcecode.cpp.cpp; path = Common.cpp; sourceTree = "<group>"; };
		1882A4AE192F64C900BA54FA /* Common.h */ = {isa = PBXFileReference; fileEncoding = 4; lastKnownFileType = sourcecode.c.h; path = Common.h; sourceTree = "<group>"; };
		1882A4B0192F64C900BA54FA /* BnCallBack.cpp */ = {isa = PBXFileReference; fileEncoding = 4; lastKnownFileType = sourcecode.cpp.cpp; path = BnCallBack.cpp; sourceTree = "<group>"; };
		1882A4B1192F64C900BA54FA /* BnCallBack.h */ = {isa = PBXFileReference; fileEncoding = 4; lastKnownFileType = sourcecode.c.h; path = BnCallBack.h; sourceTree = "<group>"; };
		1882A4B2192F64C900BA54FA /* BnInterface.cpp */ = {isa = PBXFileReference; fileEncoding = 4; lastKnownFileType = sourcecode.cpp.cpp; path = BnInterface.cpp; sourceTree = "<group>"; };
		1882A4B3192F64C900BA54FA /* BnInterface.h */ = {isa = PBXFileReference; fileEncoding = 4; lastKnownFileType = sourcecode.c.h; path = BnInterface.h; sourceTree = "<group>"; };
		1882A4B4192F64C900BA54FA /* BnSDKCallback.cpp */ = {isa = PBXFileReference; fileEncoding = 4; lastKnownFileType = sourcecode.cpp.cpp; path = BnSDKCallback.cpp; sourceTree = "<group>"; };
		1882A4B5192F64C900BA54FA /* BnSDKCallback.h */ = {isa = PBXFileReference; fileEncoding = 4; lastKnownFileType = sourcecode.c.h; path = BnSDKCallback.h; sourceTree = "<group>"; };
		1882A4B7192F64C900BA54FA /* FMautolink.h */ = {isa = PBXFileReference; fileEncoding = 4; lastKnownFileType = sourcecode.c.h; path = FMautolink.h; sourceTree = "<group>"; };
		1882A4B8192F64C900BA54FA /* FMconfig.h */ = {isa = PBXFileReference; fileEncoding = 4; lastKnownFileType = sourcecode.c.h; path = FMconfig.h; sourceTree = "<group>"; };
		1882A4B9192F64C900BA54FA /* FMContentJsonDictionary.cpp */ = {isa = PBXFileReference; fileEncoding = 4; lastKnownFileType = sourcecode.cpp.cpp; path = FMContentJsonDictionary.cpp; sourceTree = "<group>"; };
		1882A4BA192F64C900BA54FA /* FMContentJsonDictionary.h */ = {isa = PBXFileReference; fileEncoding = 4; lastKnownFileType = sourcecode.c.h; path = FMContentJsonDictionary.h; sourceTree = "<group>"; };
		1882A4BB192F64C900BA54FA /* FMDictionaryHelper.cpp */ = {isa = PBXFileReference; fileEncoding = 4; lastKnownFileType = sourcecode.cpp.cpp; path = FMDictionaryHelper.cpp; sourceTree = "<group>"; };
		1882A4BC192F64C900BA54FA /* FMDictionaryHelper.h */ = {isa = PBXFileReference; fileEncoding = 4; lastKnownFileType = sourcecode.c.h; path = FMDictionaryHelper.h; sourceTree = "<group>"; };
		1882A4BD192F64C900BA54FA /* FMfeatures.h */ = {isa = PBXFileReference; fileEncoding = 4; lastKnownFileType = sourcecode.c.h; path = FMfeatures.h; sourceTree = "<group>"; };
		1882A4BE192F64C900BA54FA /* FMforwards.h */ = {isa = PBXFileReference; fileEncoding = 4; lastKnownFileType = sourcecode.c.h; path = FMforwards.h; sourceTree = "<group>"; };
		1882A4BF192F64C900BA54FA /* FMjson_batchallocator.h */ = {isa = PBXFileReference; fileEncoding = 4; lastKnownFileType = sourcecode.c.h; path = FMjson_batchallocator.h; sourceTree = "<group>"; };
		1882A4C0192F64C900BA54FA /* FMjson_internalarray.inl */ = {isa = PBXFileReference; fileEncoding = 4; lastKnownFileType = text; path = FMjson_internalarray.inl; sourceTree = "<group>"; };
		1882A4C1192F64C900BA54FA /* FMjson_internalmap.inl */ = {isa = PBXFileReference; fileEncoding = 4; lastKnownFileType = text; path = FMjson_internalmap.inl; sourceTree = "<group>"; };
		1882A4C2192F64C900BA54FA /* FMjson_lib.h */ = {isa = PBXFileReference; fileEncoding = 4; lastKnownFileType = sourcecode.c.h; path = FMjson_lib.h; sourceTree = "<group>"; };
		1882A4C3192F64C900BA54FA /* FMjson_reader.cpp */ = {isa = PBXFileReference; fileEncoding = 4; lastKnownFileType = sourcecode.cpp.cpp; path = FMjson_reader.cpp; sourceTree = "<group>"; };
		1882A4C4192F64C900BA54FA /* FMjson_tool.h */ = {isa = PBXFileReference; fileEncoding = 4; lastKnownFileType = sourcecode.c.h; path = FMjson_tool.h; sourceTree = "<group>"; };
		1882A4C5192F64C900BA54FA /* FMjson_value.cpp */ = {isa = PBXFileReference; fileEncoding = 4; lastKnownFileType = sourcecode.cpp.cpp; path = FMjson_value.cpp; sourceTree = "<group>"; };
		1882A4C6192F64C900BA54FA /* FMjson_valueiterator.inl */ = {isa = PBXFileReference; fileEncoding = 4; lastKnownFileType = text; path = FMjson_valueiterator.inl; sourceTree = "<group>"; };
		1882A4C7192F64C900BA54FA /* FMjson_writer.cpp */ = {isa = PBXFileReference; fileEncoding = 4; lastKnownFileType = sourcecode.cpp.cpp; path = FMjson_writer.cpp; sourceTree = "<group>"; };
		1882A4C8192F64C900BA54FA /* FMreader.h */ = {isa = PBXFileReference; fileEncoding = 4; lastKnownFileType = sourcecode.c.h; path = FMreader.h; sourceTree = "<group>"; };
		1882A4C9192F64C900BA54FA /* FMvalue.h */ = {isa = PBXFileReference; fileEncoding = 4; lastKnownFileType = sourcecode.c.h; path = FMvalue.h; sourceTree = "<group>"; };
		1882A4CA192F64C900BA54FA /* FMwriter.h */ = {isa = PBXFileReference; fileEncoding = 4; lastKnownFileType = sourcecode.c.h; path = FMwriter.h; sourceTree = "<group>"; };
		1882A4CB192F64C900BA54FA /* sconscript */ = {isa = PBXFileReference; fileEncoding = 4; lastKnownFileType = text; path = sconscript; sourceTree = "<group>"; };
		1882A4CC192F64C900BA54FA /* CostomeKeyPadDelegae.cpp */ = {isa = PBXFileReference; fileEncoding = 4; lastKnownFileType = sourcecode.cpp.cpp; path = CostomeKeyPadDelegae.cpp; sourceTree = "<group>"; };
		1882A4CD192F64C900BA54FA /* CostomeKeyPadDelegae.h */ = {isa = PBXFileReference; fileEncoding = 4; lastKnownFileType = sourcecode.c.h; path = CostomeKeyPadDelegae.h; sourceTree = "<group>"; };
		1882A4CE192F64C900BA54FA /* GameConfig.h */ = {isa = PBXFileReference; fileEncoding = 4; lastKnownFileType = sourcecode.c.h; path = GameConfig.h; sourceTree = "<group>"; };
		1882A4CF192F64C900BA54FA /* GameLayer.cpp */ = {isa = PBXFileReference; fileEncoding = 4; lastKnownFileType = sourcecode.cpp.cpp; path = GameLayer.cpp; sourceTree = "<group>"; };
		1882A4D0192F64C900BA54FA /* GameLayer.h */ = {isa = PBXFileReference; fileEncoding = 4; lastKnownFileType = sourcecode.c.h; path = GameLayer.h; sourceTree = "<group>"; };
		1882A4D1192F64C900BA54FA /* GameManager.cpp */ = {isa = PBXFileReference; fileEncoding = 4; lastKnownFileType = sourcecode.cpp.cpp; path = GameManager.cpp; sourceTree = "<group>"; };
		1882A4D2192F64C900BA54FA /* GameManager.h */ = {isa = PBXFileReference; fileEncoding = 4; lastKnownFileType = sourcecode.c.h; path = GameManager.h; sourceTree = "<group>"; };
		1882A4D3192F64C900BA54FA /* GameOver.cpp */ = {isa = PBXFileReference; fileEncoding = 4; lastKnownFileType = sourcecode.cpp.cpp; path = GameOver.cpp; sourceTree = "<group>"; };
		1882A4D4192F64C900BA54FA /* GameOver.h */ = {isa = PBXFileReference; fileEncoding = 4; lastKnownFileType = sourcecode.c.h; path = GameOver.h; sourceTree = "<group>"; };
		1882A4D5192F64C900BA54FA /* GameView.cpp */ = {isa = PBXFileReference; fileEncoding = 4; lastKnownFileType = sourcecode.cpp.cpp; path = GameView.cpp; sourceTree = "<group>"; };
		1882A4D6192F64C900BA54FA /* GameView.h */ = {isa = PBXFileReference; fileEncoding = 4; lastKnownFileType = sourcecode.c.h; path = GameView.h; sourceTree = "<group>"; };
		1882A4D7192F64C900BA54FA /* HelloWorldScene.cpp */ = {isa = PBXFileReference; fileEncoding = 4; lastKnownFileType = sourcecode.cpp.cpp; path = HelloWorldScene.cpp; sourceTree = "<group>"; };
		1882A4D8192F64C900BA54FA /* HelloWorldScene.h */ = {isa = PBXFileReference; fileEncoding = 4; lastKnownFileType = sourcecode.c.h; path = HelloWorldScene.h; sourceTree = "<group>"; };
		1882A4D9192F64C900BA54FA /* Menu.cpp */ = {isa = PBXFileReference; fileEncoding = 4; lastKnownFileType = sourcecode.cpp.cpp; path = Menu.cpp; sourceTree = "<group>"; };
		1882A4DA192F64C900BA54FA /* Menu.h */ = {isa = PBXFileReference; fileEncoding = 4; lastKnownFileType = sourcecode.c.h; path = Menu.h; sourceTree = "<group>"; };
		1882A4DB192F64C900BA54FA /* SnakeNode.cpp */ = {isa = PBXFileReference; fileEncoding = 4; lastKnownFileType = sourcecode.cpp.cpp; path = SnakeNode.cpp; sourceTree = "<group>"; };
		1882A4DC192F64C900BA54FA /* SnakeNode.h */ = {isa = PBXFileReference; fileEncoding = 4; lastKnownFileType = sourcecode.c.h; path = SnakeNode.h; sourceTree = "<group>"; };
		1882A4DD192F64C900BA54FA /* Welcome.cpp */ = {isa = PBXFileReference; fileEncoding = 4; lastKnownFileType = sourcecode.cpp.cpp; path = Welcome.cpp; sourceTree = "<group>"; };
		1882A4DE192F64C900BA54FA /* Welcome.h */ = {isa = PBXFileReference; fileEncoding = 4; lastKnownFileType = sourcecode.c.h; path = Welcome.h; sourceTree = "<group>"; };
		1882A4F7192F64D600BA54FA /* coralsdk.h */ = {isa = PBXFileReference; fileEncoding = 4; lastKnownFileType = sourcecode.c.h; path = coralsdk.h; sourceTree = "<group>"; };
		1882A4F8192F64D600BA54FA /* coralsdk.mm */ = {isa = PBXFileReference; fileEncoding = 4; lastKnownFileType = sourcecode.cpp.objcpp; path = coralsdk.mm; sourceTree = "<group>"; };
		1882A4F9192F64D600BA54FA /* XcodeCallback.h */ = {isa = PBXFileReference; fileEncoding = 4; lastKnownFileType = sourcecode.c.h; path = XcodeCallback.h; sourceTree = "<group>"; };
		1882A4FA192F64D600BA54FA /* XcodeCallback.mm */ = {isa = PBXFileReference; fileEncoding = 4; lastKnownFileType = sourcecode.cpp.objcpp; path = XcodeCallback.mm; sourceTree = "<group>"; };
		1882A509192F6C8800BA54FA /* cheers.wav */ = {isa = PBXFileReference; lastKnownFileType = audio.wav; path = cheers.wav; sourceTree = "<group>"; };
		1882A50A192F6C8800BA54FA /* click.wav */ = {isa = PBXFileReference; lastKnownFileType = audio.wav; path = click.wav; sourceTree = "<group>"; };
		1882A50B192F6C8800BA54FA /* fireworks_01.wav */ = {isa = PBXFileReference; lastKnownFileType = audio.wav; path = fireworks_01.wav; sourceTree = "<group>"; };
		1882A50C192F6C8800BA54FA /* fireworks_02.wav */ = {isa = PBXFileReference; lastKnownFileType = audio.wav; path = fireworks_02.wav; sourceTree = "<group>"; };
		1882A50D192F6C8800BA54FA /* fireworks_03.wav */ = {isa = PBXFileReference; lastKnownFileType = audio.wav; path = fireworks_03.wav; sourceTree = "<group>"; };
		1882A50E192F6C8800BA54FA /* landing.wav */ = {isa = PBXFileReference; lastKnownFileType = audio.wav; path = landing.wav; sourceTree = "<group>"; };
		1882A50F192F6C8800BA54FA /* movend.wav */ = {isa = PBXFileReference; lastKnownFileType = audio.wav; path = movend.wav; sourceTree = "<group>"; };
		1882A510192F6C8800BA54FA /* pop_star.wav */ = {isa = PBXFileReference; lastKnownFileType = audio.wav; path = pop_star.wav; sourceTree = "<group>"; };
		1882A511192F6C8800BA54FA /* select.wav */ = {isa = PBXFileReference; lastKnownFileType = audio.wav; path = select.wav; sourceTree = "<group>"; };
		1882A512192F6C8800BA54FA /* button_start.wav */ = {isa = PBXFileReference; lastKnownFileType = audio.wav; path = button_start.wav; sourceTree = "<group>"; };
		1AC6FAE5180E9839004C840B /* cocos2d_libs.xcodeproj */ = {isa = PBXFileReference; lastKnownFileType = "wrapper.pb-project"; name = cocos2d_libs.xcodeproj; path = ../cocos2d/build/cocos2d_libs.xcodeproj; sourceTree = "<group>"; };
		1ACB3243164770DE00914215 /* libcurl.a */ = {isa = PBXFileReference; lastKnownFileType = archive.ar; name = libcurl.a; path = ../../cocos2dx/platform/third_party/ios/libraries/libcurl.a; sourceTree = "<group>"; };
		1AFAF8B916D35E4900DB1158 /* CloseNormal.png */ = {isa = PBXFileReference; lastKnownFileType = image.png; path = CloseNormal.png; sourceTree = "<group>"; };
		1AFAF8BA16D35E4900DB1158 /* CloseSelected.png */ = {isa = PBXFileReference; lastKnownFileType = image.png; path = CloseSelected.png; sourceTree = "<group>"; };
		1AFAF8BB16D35E4900DB1158 /* HelloWorld.png */ = {isa = PBXFileReference; lastKnownFileType = image.png; path = HelloWorld.png; sourceTree = "<group>"; };
		1CTG0QPJ5E8G9PPAX2Q9SF8S /* CoreLocation.framework */ = {isa = PBXFileReference; lastKnownFileType = wrapper.framework; name = CoreLocation.framework; path = System/Library/Frameworks/CoreLocation.framework; sourceTree = SDKROOT; };
		1D30AB110D05D00D00671497 /* Foundation.framework */ = {isa = PBXFileReference; lastKnownFileType = wrapper.framework; name = Foundation.framework; path = System/Library/Frameworks/Foundation.framework; sourceTree = SDKROOT; };
		1D6058910D05DD3D006BFB54 /* CoralSdkPopStarDemo iOS.app */ = {isa = PBXFileReference; explicitFileType = wrapper.application; includeInIndex = 0; path = "CoralSdkPopStarDemo iOS.app"; sourceTree = BUILT_PRODUCTS_DIR; };
		1DF5F4DF0D08C38300B7A737 /* UIKit.framework */ = {isa = PBXFileReference; lastKnownFileType = wrapper.framework; name = UIKit.framework; path = System/Library/Frameworks/UIKit.framework; sourceTree = SDKROOT; };
		1ZG8BZL595SIIGRX6KB9E0KO /* SystemConfiguration.framework */ = {isa = PBXFileReference; lastKnownFileType = wrapper.framework; name = SystemConfiguration.framework; path = System/Library/Frameworks/SystemConfiguration.framework; sourceTree = SDKROOT; };
		288765A40DF7441C002DB57D /* CoreGraphics.framework */ = {isa = PBXFileReference; lastKnownFileType = wrapper.framework; name = CoreGraphics.framework; path = System/Library/Frameworks/CoreGraphics.framework; sourceTree = SDKROOT; };
		503AE0F617EB97AB00D1A890 /* Icon.icns */ = {isa = PBXFileReference; lastKnownFileType = image.icns; path = Icon.icns; sourceTree = "<group>"; };
		503AE0F717EB97AB00D1A890 /* Info.plist */ = {isa = PBXFileReference; fileEncoding = 4; lastKnownFileType = text.plist.xml; path = Info.plist; sourceTree = "<group>"; };
		503AE0FA17EB989F00D1A890 /* AppController.h */ = {isa = PBXFileReference; fileEncoding = 4; lastKnownFileType = sourcecode.c.h; name = AppController.h; path = ios/AppController.h; sourceTree = SOURCE_ROOT; };
		503AE0FB17EB989F00D1A890 /* AppController.mm */ = {isa = PBXFileReference; fileEncoding = 4; lastKnownFileType = sourcecode.cpp.objcpp; name = AppController.mm; path = ios/AppController.mm; sourceTree = SOURCE_ROOT; };
		503AE0FC17EB989F00D1A890 /* main.m */ = {isa = PBXFileReference; fileEncoding = 4; lastKnownFileType = sourcecode.c.objc; name = main.m; path = ios/main.m; sourceTree = SOURCE_ROOT; };
		503AE0FD17EB989F00D1A890 /* Prefix.pch */ = {isa = PBXFileReference; fileEncoding = 4; lastKnownFileType = sourcecode.c.h; name = Prefix.pch; path = ios/Prefix.pch; sourceTree = SOURCE_ROOT; };
		503AE0FE17EB989F00D1A890 /* RootViewController.h */ = {isa = PBXFileReference; fileEncoding = 4; lastKnownFileType = sourcecode.c.h; name = RootViewController.h; path = ios/RootViewController.h; sourceTree = SOURCE_ROOT; };
		503AE0FF17EB989F00D1A890 /* RootViewController.mm */ = {isa = PBXFileReference; fileEncoding = 4; lastKnownFileType = sourcecode.cpp.objcpp; name = RootViewController.mm; path = ios/RootViewController.mm; sourceTree = SOURCE_ROOT; };
		503AE10317EB98FF00D1A890 /* main.cpp */ = {isa = PBXFileReference; fileEncoding = 4; lastKnownFileType = sourcecode.cpp.cpp; name = main.cpp; path = mac/main.cpp; sourceTree = "<group>"; };
		503AE10417EB98FF00D1A890 /* Prefix.pch */ = {isa = PBXFileReference; fileEncoding = 4; lastKnownFileType = sourcecode.c.h; name = Prefix.pch; path = mac/Prefix.pch; sourceTree = "<group>"; };
		503AE11117EB99EE00D1A890 /* libcurl.dylib */ = {isa = PBXFileReference; lastKnownFileType = "compiled.mach-o.dylib"; name = libcurl.dylib; path = usr/lib/libcurl.dylib; sourceTree = SDKROOT; };
		503AE11A17EB9C5A00D1A890 /* IOKit.framework */ = {isa = PBXFileReference; lastKnownFileType = wrapper.framework; name = IOKit.framework; path = System/Library/Frameworks/IOKit.framework; sourceTree = SDKROOT; };
		5087E76F17EB910900C73F5D /* CoralSdkPopStarDemo Mac.app */ = {isa = PBXFileReference; explicitFileType = wrapper.application; includeInIndex = 0; path = "CoralSdkPopStarDemo Mac.app"; sourceTree = BUILT_PRODUCTS_DIR; };
		5087E77217EB970100C73F5D /* Default-568h@2x.png */ = {isa = PBXFileReference; lastKnownFileType = image.png; path = "Default-568h@2x.png"; sourceTree = "<group>"; };
		5087E77317EB970100C73F5D /* Default.png */ = {isa = PBXFileReference; lastKnownFileType = image.png; path = Default.png; sourceTree = "<group>"; };
		5087E77417EB970100C73F5D /* Default@2x.png */ = {isa = PBXFileReference; lastKnownFileType = image.png; path = "Default@2x.png"; sourceTree = "<group>"; };
		5087E77517EB970100C73F5D /* Icon-114.png */ = {isa = PBXFileReference; lastKnownFileType = image.png; path = "Icon-114.png"; sourceTree = "<group>"; };
		5087E77617EB970100C73F5D /* Icon-120.png */ = {isa = PBXFileReference; lastKnownFileType = image.png; path = "Icon-120.png"; sourceTree = "<group>"; };
		5087E77717EB970100C73F5D /* Icon-144.png */ = {isa = PBXFileReference; lastKnownFileType = image.png; path = "Icon-144.png"; sourceTree = "<group>"; };
		5087E77817EB970100C73F5D /* Icon-152.png */ = {isa = PBXFileReference; lastKnownFileType = image.png; path = "Icon-152.png"; sourceTree = "<group>"; };
		5087E77917EB970100C73F5D /* Icon-57.png */ = {isa = PBXFileReference; lastKnownFileType = image.png; path = "Icon-57.png"; sourceTree = "<group>"; };
		5087E77A17EB970100C73F5D /* Icon-72.png */ = {isa = PBXFileReference; lastKnownFileType = image.png; path = "Icon-72.png"; sourceTree = "<group>"; };
		5087E77B17EB970100C73F5D /* Icon-76.png */ = {isa = PBXFileReference; lastKnownFileType = image.png; path = "Icon-76.png"; sourceTree = "<group>"; };
		5087E77C17EB970100C73F5D /* Info.plist */ = {isa = PBXFileReference; fileEncoding = 4; lastKnownFileType = text.plist.xml; path = Info.plist; sourceTree = "<group>"; };
		5087E78817EB974C00C73F5D /* AppKit.framework */ = {isa = PBXFileReference; lastKnownFileType = wrapper.framework; name = AppKit.framework; path = System/Library/Frameworks/AppKit.framework; sourceTree = SDKROOT; };
		5087E78A17EB975400C73F5D /* OpenGL.framework */ = {isa = PBXFileReference; lastKnownFileType = wrapper.framework; name = OpenGL.framework; path = System/Library/Frameworks/OpenGL.framework; sourceTree = SDKROOT; };
		50EF629217ECD46A001EB2F8 /* Icon-40.png */ = {isa = PBXFileReference; lastKnownFileType = image.png; path = "Icon-40.png"; sourceTree = "<group>"; };
		50EF629317ECD46A001EB2F8 /* Icon-58.png */ = {isa = PBXFileReference; lastKnownFileType = image.png; path = "Icon-58.png"; sourceTree = "<group>"; };
		50EF629417ECD46A001EB2F8 /* Icon-80.png */ = {isa = PBXFileReference; lastKnownFileType = image.png; path = "Icon-80.png"; sourceTree = "<group>"; };
		50EF629517ECD46A001EB2F8 /* Icon-100.png */ = {isa = PBXFileReference; lastKnownFileType = image.png; path = "Icon-100.png"; sourceTree = "<group>"; };
		50EF62A017ECD613001EB2F8 /* Icon-29.png */ = {isa = PBXFileReference; lastKnownFileType = image.png; path = "Icon-29.png"; sourceTree = "<group>"; };
		50EF62A117ECD613001EB2F8 /* Icon-50.png */ = {isa = PBXFileReference; lastKnownFileType = image.png; path = "Icon-50.png"; sourceTree = "<group>"; };
		6T0G9B8WZ2QT1CNNG1D3ZV1Q /* BattleWorkBundleH.bundle */ = {isa = PBXFileReference; lastKnownFileType = "wrapper.plug-in"; path = BattleWorkBundleH.bundle; sourceTree = "<group>"; };
		8H8MRP7LMXHB232I0GISLIAB /* StoreKit.framework */ = {isa = PBXFileReference; lastKnownFileType = wrapper.framework; name = StoreKit.framework; path = System/Library/Frameworks/StoreKit.framework; sourceTree = SDKROOT; };
		B3BUKRS29AMRJK96VBJ2WHX7 /* BattleWorkBundleV.bundle */ = {isa = PBXFileReference; lastKnownFileType = "wrapper.plug-in"; path = BattleWorkBundleV.bundle; sourceTree = "<group>"; };
		BF170DB012928DE900B8313A /* OpenGLES.framework */ = {isa = PBXFileReference; lastKnownFileType = wrapper.framework; name = OpenGLES.framework; path = System/Library/Frameworks/OpenGLES.framework; sourceTree = SDKROOT; };
		BF170DB412928DE900B8313A /* libz.dylib */ = {isa = PBXFileReference; lastKnownFileType = "compiled.mach-o.dylib"; name = libz.dylib; path = usr/lib/libz.dylib; sourceTree = SDKROOT; };
		BF1C47EA1293683800B63C5D /* QuartzCore.framework */ = {isa = PBXFileReference; lastKnownFileType = wrapper.framework; name = QuartzCore.framework; path = System/Library/Frameworks/QuartzCore.framework; sourceTree = SDKROOT; };
		CTF53APAIFG9E22N9D7URWO9 /* CFNetwork.framework */ = {isa = PBXFileReference; lastKnownFileType = wrapper.framework; name = CFNetwork.framework; path = System/Library/Frameworks/CFNetwork.framework; sourceTree = SDKROOT; };
		D44C620B132DFF330009C878 /* OpenAL.framework */ = {isa = PBXFileReference; lastKnownFileType = wrapper.framework; name = OpenAL.framework; path = System/Library/Frameworks/OpenAL.framework; sourceTree = SDKROOT; };
		D44C620D132DFF430009C878 /* AVFoundation.framework */ = {isa = PBXFileReference; lastKnownFileType = wrapper.framework; name = AVFoundation.framework; path = System/Library/Frameworks/AVFoundation.framework; sourceTree = SDKROOT; };
		D44C620F132DFF4E0009C878 /* AudioToolbox.framework */ = {isa = PBXFileReference; lastKnownFileType = wrapper.framework; name = AudioToolbox.framework; path = System/Library/Frameworks/AudioToolbox.framework; sourceTree = SDKROOT; };
		D6B0611A1803AB670077942B /* CoreMotion.framework */ = {isa = PBXFileReference; lastKnownFileType = wrapper.framework; name = CoreMotion.framework; path = Platforms/iPhoneOS.platform/Developer/SDKs/iPhoneOS7.0.sdk/System/Library/Frameworks/CoreMotion.framework; sourceTree = DEVELOPER_DIR; };
		D99WFHBQG4D5UNCR0GZDI661 /* BattleWorkLibrary.framework */ = {isa = PBXFileReference; lastKnownFileType = wrapper.framework; path = BattleWorkLibrary.framework; sourceTree = "<group>"; };
		GKWDTQDAXKJ0ZC8PFBCWOKOI /* CoreFoundation.framework */ = {isa = PBXFileReference; lastKnownFileType = wrapper.framework; name = CoreFoundation.framework; path = System/Library/Frameworks/CoreFoundation.framework; sourceTree = SDKROOT; };
		OF6XW33VVGB8QSOUH53YNBUQ /* libz.1.2.5.dylib */ = {isa = PBXFileReference; lastKnownFileType = "compiled.mach-o.dylib"; name = libz.1.2.5.dylib; path = usr/lib/libz.1.2.5.dylib; sourceTree = SDKROOT; };
		R4H6HLLFI6LS0TYNAKGVEA3S /* libsqlite3.0.dylib */ = {isa = PBXFileReference; lastKnownFileType = "compiled.mach-o.dylib"; name = libsqlite3.0.dylib; path = usr/lib/libsqlite3.0.dylib; sourceTree = SDKROOT; };
		VYFHP4AX7AKJOGD3GE852QBG /* CoreData.framework */ = {isa = PBXFileReference; lastKnownFileType = wrapper.framework; name = CoreData.framework; path = System/Library/Frameworks/CoreData.framework; sourceTree = SDKROOT; };
		Z7TEWM4D9MYYGSSWGMQXXXIJ /* FunChatLoginSDK.framework */ = {isa = PBXFileReference; lastKnownFileType = wrapper.framework; path = FunChatLoginSDK.framework; sourceTree = "<group>"; };
		ZFVAP7XMGEX0D8Z1G6O2ROKX /* CoreText.framework */ = {isa = PBXFileReference; lastKnownFileType = wrapper.framework; name = CoreText.framework; path = System/Library/Frameworks/CoreText.framework; sourceTree = SDKROOT; };
/* End PBXFileReference section */

/* Begin PBXFrameworksBuildPhase section */
		1D60588F0D05DD3D006BFB54 /* Frameworks */ = {
			isa = PBXFrameworksBuildPhase;
			buildActionMask = 2147483647;
			files = (
				CK8OSGSIXWTH3GHYV5SCV92W /* StoreKit.framework in Frameworks */,
				UIW0LMIBHCO5FHJ4C74LD6GM /* CFNetwork.framework in Frameworks */,
				USOHBX7CFL2398KQX6P805F9 /* CoreFoundation.framework in Frameworks */,
				8FY6WLZKWTBUVENAA33SQJCK /* CoreText.framework in Frameworks */,
				2SQR2F20171E9FQ24RS51B3S /* CoreData.framework in Frameworks */,
				1L8LBMDF64I8NOM44NQ7614O /* SystemConfiguration.framework in Frameworks */,
				IGACZBRXSRKIUWCSVLYQF5T6 /* CoreLocation.framework in Frameworks */,
				K7O2HISRE2FWI8M8942XNKJF /* BattleWorkLibrary.framework in Frameworks */,
				QSS4QUWA83CIITIFJKJKL1KP /* FunChatLoginSDK.framework in Frameworks */,
				VY9IJTPPEW3BF9Y11P4JZUWC /* libz.1.2.5.dylib in Frameworks */,
				CO9MF4KYPPDWAF1VCJR8AT25 /* libsqlite3.0.dylib in Frameworks */,
				1AC6FB2E180E99EB004C840B /* libbox2d iOS.a in Frameworks */,
				1AC6FB2F180E99EB004C840B /* libchipmunk iOS.a in Frameworks */,
				1AC6FB30180E99EB004C840B /* libcocos2dx iOS.a in Frameworks */,
				1AC6FB31180E99EB004C840B /* libcocos2dx-extensions iOS.a in Frameworks */,
				1AC6FB32180E99EB004C840B /* libCocosDenshion iOS.a in Frameworks */,
				D6B0611B1803AB670077942B /* CoreMotion.framework in Frameworks */,
				1D60589F0D05DD5A006BFB54 /* Foundation.framework in Frameworks */,
				1DF5F4E00D08C38300B7A737 /* UIKit.framework in Frameworks */,
				288765A50DF7441C002DB57D /* CoreGraphics.framework in Frameworks */,
				BF171245129291EC00B8313A /* OpenGLES.framework in Frameworks */,
				BF1712471292920000B8313A /* libz.dylib in Frameworks */,
				BF1C47F01293687400B63C5D /* QuartzCore.framework in Frameworks */,
				D44C620C132DFF330009C878 /* OpenAL.framework in Frameworks */,
				D44C620E132DFF430009C878 /* AVFoundation.framework in Frameworks */,
				D44C6210132DFF4E0009C878 /* AudioToolbox.framework in Frameworks */,
			);
			runOnlyForDeploymentPostprocessing = 0;
		};
		5087E75C17EB910900C73F5D /* Frameworks */ = {
			isa = PBXFrameworksBuildPhase;
			buildActionMask = 2147483647;
			files = (
				1AC6FB1F180E996B004C840B /* libbox2d Mac.a in Frameworks */,
				1AC6FB20180E996B004C840B /* libchipmunk Mac.a in Frameworks */,
				1AC6FB21180E996B004C840B /* libcocos2dx Mac.a in Frameworks */,
				1AC6FB22180E996B004C840B /* libcocos2dx-extensions Mac.a in Frameworks */,
				1AC6FB23180E996B004C840B /* libCocosDenshion Mac.a in Frameworks */,
				503AE11217EB99EE00D1A890 /* libcurl.dylib in Frameworks */,
				5087E76717EB910900C73F5D /* libz.dylib in Frameworks */,
				503AE11B17EB9C5A00D1A890 /* IOKit.framework in Frameworks */,
				5087E78B17EB975400C73F5D /* OpenGL.framework in Frameworks */,
				5087E78917EB974C00C73F5D /* AppKit.framework in Frameworks */,
				5087E76317EB910900C73F5D /* Foundation.framework in Frameworks */,
				5087E76517EB910900C73F5D /* CoreGraphics.framework in Frameworks */,
				5087E76817EB910900C73F5D /* QuartzCore.framework in Frameworks */,
				5087E76917EB910900C73F5D /* OpenAL.framework in Frameworks */,
				5087E76A17EB910900C73F5D /* AVFoundation.framework in Frameworks */,
				5087E76B17EB910900C73F5D /* AudioToolbox.framework in Frameworks */,
			);
			runOnlyForDeploymentPostprocessing = 0;
		};
/* End PBXFrameworksBuildPhase section */

/* Begin PBXGroup section */
		080E96DDFE201D6D7F000001 /* ios */ = {
			isa = PBXGroup;
			children = (
				1882A4F6192F64D600BA54FA /* coralsdk */,
				5087E77117EB970100C73F5D /* Icons */,
				503AE0FA17EB989F00D1A890 /* AppController.h */,
				503AE0FB17EB989F00D1A890 /* AppController.mm */,
				503AE0FC17EB989F00D1A890 /* main.m */,
				503AE0FD17EB989F00D1A890 /* Prefix.pch */,
				503AE0FE17EB989F00D1A890 /* RootViewController.h */,
				503AE0FF17EB989F00D1A890 /* RootViewController.mm */,
			);
			name = ios;
			path = Classes;
			sourceTree = "<group>";
		};
		1882A41E192F62D600BA54FA /* Particle */ = {
			isa = PBXGroup;
			children = (
				1882A41F192F62D600BA54FA /* 1.plist */,
				1882A420192F62D600BA54FA /* 1.png */,
			);
			path = Particle;
			sourceTree = "<group>";
		};
		1882A421192F62D600BA54FA /* sound */ = {
			isa = PBXGroup;
			children = (
				1882A509192F6C8800BA54FA /* cheers.wav */,
				1882A50A192F6C8800BA54FA /* click.wav */,
				1882A50B192F6C8800BA54FA /* fireworks_01.wav */,
				1882A50C192F6C8800BA54FA /* fireworks_02.wav */,
				1882A50D192F6C8800BA54FA /* fireworks_03.wav */,
				1882A50E192F6C8800BA54FA /* landing.wav */,
				1882A50F192F6C8800BA54FA /* movend.wav */,
				1882A510192F6C8800BA54FA /* pop_star.wav */,
				1882A511192F6C8800BA54FA /* select.wav */,
				1882A512192F6C8800BA54FA /* button_start.wav */,
				1882A422192F62D600BA54FA /* bg.mp3 */,
				1882A423192F62D600BA54FA /* click.mp3 */,
				1882A424192F62D600BA54FA /* eat.wav */,
				1882A425192F62D600BA54FA /* gameover.wav */,
			);
			path = sound;
			sourceTree = "<group>";
		};
		1882A426192F62D600BA54FA /* sprite */ = {
			isa = PBXGroup;
			children = (
				1882A427192F62D600BA54FA /* direction.png */,
				1882A428192F62D600BA54FA /* direction_1.png */,
				1882A429192F62D600BA54FA /* home.png */,
				1882A42A192F62D600BA54FA /* home_1.png */,
				1882A42B192F62D600BA54FA /* menu.png */,
				1882A42C192F62D600BA54FA /* quan_1.png */,
				1882A42D192F62D600BA54FA /* quan_2.png */,
				1882A42E192F62D600BA54FA /* quan_3.png */,
				1882A42F192F62D600BA54FA /* quan_4.png */,
				1882A430192F62D600BA54FA /* snake_body.png */,
				1882A431192F62D600BA54FA /* snake_body_1.png */,
				1882A432192F62D600BA54FA /* snake_body_2.png */,
				1882A433192F62D600BA54FA /* snake_body_3.png */,
				1882A434192F62D600BA54FA /* snake_body_4.png */,
				1882A435192F62D600BA54FA /* snake_body_5.png */,
				1882A436192F62D600BA54FA /* snake_food.png */,
				1882A437192F62D600BA54FA /* snake_head.png */,
				1882A438192F62D600BA54FA /* stage.png */,
				1882A439192F62D600BA54FA /* welcome_bg.png */,
				1882A43A192F62D600BA54FA /* welcome_logo.png */,
				1882A43B192F62D600BA54FA /* welcome_qqbution.png */,
				1882A43C192F62D600BA54FA /* welcome_weibobution.png */,
			);
			path = sprite;
			sourceTree = "<group>";
		};
		1882A43D192F62D600BA54FA /* fonts */ = {
			isa = PBXGroup;
			children = (
				1882A43E192F62D600BA54FA /* Marker Felt.ttf */,
				1882A43F192F62D600BA54FA /* MarkerFelt.ttf */,
			);
			path = fonts;
			sourceTree = "<group>";
		};
		1882A4AA192F64C900BA54FA /* Classes */ = {
			isa = PBXGroup;
			children = (
				1882A4AB192F64C900BA54FA /* AppDelegate.cpp */,
				1882A4AC192F64C900BA54FA /* AppDelegate.h */,
				1882A4AD192F64C900BA54FA /* Common.cpp */,
				1882A4AE192F64C900BA54FA /* Common.h */,
				1882A4AF192F64C900BA54FA /* CoralSdkApi */,
				1882A4CC192F64C900BA54FA /* CostomeKeyPadDelegae.cpp */,
				1882A4CD192F64C900BA54FA /* CostomeKeyPadDelegae.h */,
				1882A4CE192F64C900BA54FA /* GameConfig.h */,
				1882A4CF192F64C900BA54FA /* GameLayer.cpp */,
				1882A4D0192F64C900BA54FA /* GameLayer.h */,
				1882A4D1192F64C900BA54FA /* GameManager.cpp */,
				1882A4D2192F64C900BA54FA /* GameManager.h */,
				1882A4D3192F64C900BA54FA /* GameOver.cpp */,
				1882A4D4192F64C900BA54FA /* GameOver.h */,
				1882A4D5192F64C900BA54FA /* GameView.cpp */,
				1882A4D6192F64C900BA54FA /* GameView.h */,
				1882A4D7192F64C900BA54FA /* HelloWorldScene.cpp */,
				1882A4D8192F64C900BA54FA /* HelloWorldScene.h */,
				1882A4D9192F64C900BA54FA /* Menu.cpp */,
				1882A4DA192F64C900BA54FA /* Menu.h */,
				1882A4DB192F64C900BA54FA /* SnakeNode.cpp */,
				1882A4DC192F64C900BA54FA /* SnakeNode.h */,
				1882A4DD192F64C900BA54FA /* Welcome.cpp */,
				1882A4DE192F64C900BA54FA /* Welcome.h */,
			);
			name = Classes;
			path = ../Classes;
			sourceTree = "<group>";
		};
		1882A4AF192F64C900BA54FA /* CoralSdkApi */ = {
			isa = PBXGroup;
			children = (
				1882A4B0192F64C900BA54FA /* BnCallBack.cpp */,
				1882A4B1192F64C900BA54FA /* BnCallBack.h */,
				1882A4B2192F64C900BA54FA /* BnInterface.cpp */,
				1882A4B3192F64C900BA54FA /* BnInterface.h */,
				1882A4B4192F64C900BA54FA /* BnSDKCallback.cpp */,
				1882A4B5192F64C900BA54FA /* BnSDKCallback.h */,
				1882A4B6192F64C900BA54FA /* fmjson */,
			);
			path = CoralSdkApi;
			sourceTree = "<group>";
		};
		1882A4B6192F64C900BA54FA /* fmjson */ = {
			isa = PBXGroup;
			children = (
				1882A4B7192F64C900BA54FA /* FMautolink.h */,
				1882A4B8192F64C900BA54FA /* FMconfig.h */,
				1882A4B9192F64C900BA54FA /* FMContentJsonDictionary.cpp */,
				1882A4BA192F64C900BA54FA /* FMContentJsonDictionary.h */,
				1882A4BB192F64C900BA54FA /* FMDictionaryHelper.cpp */,
				1882A4BC192F64C900BA54FA /* FMDictionaryHelper.h */,
				1882A4BD192F64C900BA54FA /* FMfeatures.h */,
				1882A4BE192F64C900BA54FA /* FMforwards.h */,
				1882A4BF192F64C900BA54FA /* FMjson_batchallocator.h */,
				1882A4C0192F64C900BA54FA /* FMjson_internalarray.inl */,
				1882A4C1192F64C900BA54FA /* FMjson_internalmap.inl */,
				1882A4C2192F64C900BA54FA /* FMjson_lib.h */,
				1882A4C3192F64C900BA54FA /* FMjson_reader.cpp */,
				1882A4C4192F64C900BA54FA /* FMjson_tool.h */,
				1882A4C5192F64C900BA54FA /* FMjson_value.cpp */,
				1882A4C6192F64C900BA54FA /* FMjson_valueiterator.inl */,
				1882A4C7192F64C900BA54FA /* FMjson_writer.cpp */,
				1882A4C8192F64C900BA54FA /* FMreader.h */,
				1882A4C9192F64C900BA54FA /* FMvalue.h */,
				1882A4CA192F64C900BA54FA /* FMwriter.h */,
				1882A4CB192F64C900BA54FA /* sconscript */,
			);
			path = fmjson;
			sourceTree = "<group>";
		};
		1882A4F6192F64D600BA54FA /* coralsdk */ = {
			isa = PBXGroup;
			children = (
				1882A4F7192F64D600BA54FA /* coralsdk.h */,
				1882A4F8192F64D600BA54FA /* coralsdk.mm */,
				1882A4F9192F64D600BA54FA /* XcodeCallback.h */,
				1882A4FA192F64D600BA54FA /* XcodeCallback.mm */,
			);
			path = coralsdk;
			sourceTree = SOURCE_ROOT;
		};
		19C28FACFE9D520D11CA2CBB /* Products */ = {
			isa = PBXGroup;
			children = (
				1D6058910D05DD3D006BFB54 /* CoralSdkPopStarDemo iOS.app */,
				5087E76F17EB910900C73F5D /* CoralSdkPopStarDemo Mac.app */,
			);
			name = Products;
			sourceTree = "<group>";
		};
		1AC6FAE6180E9839004C840B /* Products */ = {
			isa = PBXGroup;
			children = (
				1AC6FAF9180E9839004C840B /* libcocos2dx Mac.a */,
				1AC6FAFB180E9839004C840B /* libcocos2dx-extensions Mac.a */,
				1AC6FAFD180E9839004C840B /* libchipmunk Mac.a */,
				1AC6FAFF180E9839004C840B /* libbox2d Mac.a */,
				1AC6FB01180E9839004C840B /* libCocosDenshion Mac.a */,
				1AC6FB07180E9839004C840B /* libcocos2dx iOS.a */,
				1AC6FB09180E9839004C840B /* libcocos2dx-extensions iOS.a */,
				1AC6FB0B180E9839004C840B /* libchipmunk iOS.a */,
				1AC6FB0D180E9839004C840B /* libbox2d iOS.a */,
				1AC6FB0F180E9839004C840B /* libCocosDenshion iOS.a */,
			);
			name = Products;
			sourceTree = "<group>";
		};
		29B97314FDCFA39411CA2CEA /* CustomTemplate */ = {
			isa = PBXGroup;
			children = (
				1882A4AA192F64C900BA54FA /* Classes */,
				1AC6FAE5180E9839004C840B /* cocos2d_libs.xcodeproj */,
				29B97323FDCFA39411CA2CEA /* Frameworks */,
				080E96DDFE201D6D7F000001 /* ios */,
				503AE10617EB990700D1A890 /* mac */,
				19C28FACFE9D520D11CA2CBB /* Products */,
				78C7DDAA14EBA5050085D0C2 /* Resources */,
			);
			name = CustomTemplate;
			sourceTree = "<group>";
		};
		29B97323FDCFA39411CA2CEA /* Frameworks */ = {
			isa = PBXGroup;
			children = (
				AULH8F46DS61OF5PNDWL4DP5 /* CoralSdk_frameworks */,
				D6B0611A1803AB670077942B /* CoreMotion.framework */,
				503AE11A17EB9C5A00D1A890 /* IOKit.framework */,
				503AE11117EB99EE00D1A890 /* libcurl.dylib */,
				5087E78A17EB975400C73F5D /* OpenGL.framework */,
				5087E78817EB974C00C73F5D /* AppKit.framework */,
				1ACB3243164770DE00914215 /* libcurl.a */,
				BF170DB412928DE900B8313A /* libz.dylib */,
				D44C620F132DFF4E0009C878 /* AudioToolbox.framework */,
				D44C620D132DFF430009C878 /* AVFoundation.framework */,
				288765A40DF7441C002DB57D /* CoreGraphics.framework */,
				1D30AB110D05D00D00671497 /* Foundation.framework */,
				D44C620B132DFF330009C878 /* OpenAL.framework */,
				BF170DB012928DE900B8313A /* OpenGLES.framework */,
				BF1C47EA1293683800B63C5D /* QuartzCore.framework */,
				1DF5F4DF0D08C38300B7A737 /* UIKit.framework */,
			);
			name = Frameworks;
			sourceTree = "<group>";
		};
		503AE0F517EB97AB00D1A890 /* Icons */ = {
			isa = PBXGroup;
			children = (
				503AE0F617EB97AB00D1A890 /* Icon.icns */,
				503AE0F717EB97AB00D1A890 /* Info.plist */,
			);
			name = Icons;
			path = mac;
			sourceTree = SOURCE_ROOT;
		};
		503AE10617EB990700D1A890 /* mac */ = {
			isa = PBXGroup;
			children = (
				503AE0F517EB97AB00D1A890 /* Icons */,
				503AE10317EB98FF00D1A890 /* main.cpp */,
				503AE10417EB98FF00D1A890 /* Prefix.pch */,
			);
			name = mac;
			sourceTree = "<group>";
		};
		5087E77117EB970100C73F5D /* Icons */ = {
			isa = PBXGroup;
			children = (
				1882A400192F62CC00BA54FA /* Default-Landscape@2x~ipad.png */,
				1882A401192F62CC00BA54FA /* Default-Landscape~ipad.png */,
				1882A402192F62CC00BA54FA /* Default-Portrait@2x~ipad.png */,
				1882A403192F62CC00BA54FA /* Default~ipad.png */,
				1882A404192F62CC00BA54FA /* Default~iphone.png */,
				1882A405192F62CC00BA54FA /* Icon-57@2x.png */,
				1882A406192F62CC00BA54FA /* Icon-512.png */,
				1882A407192F62CC00BA54FA /* Icon-Small-50.png */,
				1882A408192F62CC00BA54FA /* Icon-Small-50@2x.png */,
				1882A409192F62CC00BA54FA /* Icon-Small.png */,
				1882A40A192F62CC00BA54FA /* Icon-Small@2x.png */,
				1882A40B192F62CC00BA54FA /* Icon.png */,
				1882A40C192F62CC00BA54FA /* Icon@2x.png */,
				1882A40D192F62CC00BA54FA /* iTunesArtwork.png */,
				1882A40E192F62CC00BA54FA /* iTunesArtwork@2x.png */,
				5087E77217EB970100C73F5D /* Default-568h@2x.png */,
				5087E77317EB970100C73F5D /* Default.png */,
				5087E77417EB970100C73F5D /* Default@2x.png */,
				50EF62A017ECD613001EB2F8 /* Icon-29.png */,
				50EF62A117ECD613001EB2F8 /* Icon-50.png */,
				50EF629217ECD46A001EB2F8 /* Icon-40.png */,
				50EF629317ECD46A001EB2F8 /* Icon-58.png */,
				50EF629417ECD46A001EB2F8 /* Icon-80.png */,
				50EF629517ECD46A001EB2F8 /* Icon-100.png */,
				5087E77517EB970100C73F5D /* Icon-114.png */,
				5087E77617EB970100C73F5D /* Icon-120.png */,
				5087E77717EB970100C73F5D /* Icon-144.png */,
				5087E77817EB970100C73F5D /* Icon-152.png */,
				5087E77917EB970100C73F5D /* Icon-57.png */,
				5087E77A17EB970100C73F5D /* Icon-72.png */,
				5087E77B17EB970100C73F5D /* Icon-76.png */,
				5087E77C17EB970100C73F5D /* Info.plist */,
			);
			name = Icons;
			path = ios;
			sourceTree = SOURCE_ROOT;
		};
		78C7DDAA14EBA5050085D0C2 /* Resources */ = {
			isa = PBXGroup;
			children = (
				1882A41E192F62D600BA54FA /* Particle */,
				1882A421192F62D600BA54FA /* sound */,
				1882A426192F62D600BA54FA /* sprite */,
				1882A43D192F62D600BA54FA /* fonts */,
				1AFAF8B916D35E4900DB1158 /* CloseNormal.png */,
				1AFAF8BA16D35E4900DB1158 /* CloseSelected.png */,
				1AFAF8BB16D35E4900DB1158 /* HelloWorld.png */,
			);
			name = Resources;
			path = ../Resources;
			sourceTree = "<group>";
		};
		AULH8F46DS61OF5PNDWL4DP5 /* CoralSdk_frameworks */ = {
			isa = PBXGroup;
			children = (
				8H8MRP7LMXHB232I0GISLIAB /* StoreKit.framework */,
				CTF53APAIFG9E22N9D7URWO9 /* CFNetwork.framework */,
				GKWDTQDAXKJ0ZC8PFBCWOKOI /* CoreFoundation.framework */,
				ZFVAP7XMGEX0D8Z1G6O2ROKX /* CoreText.framework */,
				VYFHP4AX7AKJOGD3GE852QBG /* CoreData.framework */,
				1ZG8BZL595SIIGRX6KB9E0KO /* SystemConfiguration.framework */,
				1CTG0QPJ5E8G9PPAX2Q9SF8S /* CoreLocation.framework */,
				D99WFHBQG4D5UNCR0GZDI661 /* BattleWorkLibrary.framework */,
				Z7TEWM4D9MYYGSSWGMQXXXIJ /* FunChatLoginSDK.framework */,
				OF6XW33VVGB8QSOUH53YNBUQ /* libz.1.2.5.dylib */,
				R4H6HLLFI6LS0TYNAKGVEA3S /* libsqlite3.0.dylib */,
				6T0G9B8WZ2QT1CNNG1D3ZV1Q /* BattleWorkBundleH.bundle */,
				B3BUKRS29AMRJK96VBJ2WHX7 /* BattleWorkBundleV.bundle */,
			);
			name = CoralSdk_frameworks;
			sourceTree = "<group>";
		};
/* End PBXGroup section */

/* Begin PBXNativeTarget section */
		1D6058900D05DD3D006BFB54 /* CoralSdkPopStarDemo iOS */ = {
			isa = PBXNativeTarget;
			buildConfigurationList = 1D6058960D05DD3E006BFB54 /* Build configuration list for PBXNativeTarget "CoralSdkPopStarDemo iOS" */;
			buildPhases = (
				1D60588D0D05DD3D006BFB54 /* Resources */,
				1D60588E0D05DD3D006BFB54 /* Sources */,
				1D60588F0D05DD3D006BFB54 /* Frameworks */,
			);
			buildRules = (
			);
			dependencies = (
				1AC6FB25180E99E1004C840B /* PBXTargetDependency */,
				1AC6FB27180E99E1004C840B /* PBXTargetDependency */,
				1AC6FB29180E99E1004C840B /* PBXTargetDependency */,
				1AC6FB2B180E99E1004C840B /* PBXTargetDependency */,
				1AC6FB2D180E99E1004C840B /* PBXTargetDependency */,
			);
			name = "CoralSdkPopStarDemo iOS";
			productName = iphone;
			productReference = 1D6058910D05DD3D006BFB54 /* CoralSdkPopStarDemo iOS.app */;
			productType = "com.apple.product-type.application";
		};
		5087E73D17EB910900C73F5D /* CoralSdkPopStarDemo Mac */ = {
			isa = PBXNativeTarget;
			buildConfigurationList = 5087E76C17EB910900C73F5D /* Build configuration list for PBXNativeTarget "CoralSdkPopStarDemo Mac" */;
			buildPhases = (
				5087E74817EB910900C73F5D /* Resources */,
				5087E75617EB910900C73F5D /* Sources */,
				5087E75C17EB910900C73F5D /* Frameworks */,
			);
			buildRules = (
			);
			dependencies = (
				1AC6FB1E180E9963004C840B /* PBXTargetDependency */,
				1AC6FB16180E9959004C840B /* PBXTargetDependency */,
				1AC6FB18180E9959004C840B /* PBXTargetDependency */,
				1AC6FB1A180E9959004C840B /* PBXTargetDependency */,
				1AC6FB1C180E9959004C840B /* PBXTargetDependency */,
			);
			name = "CoralSdkPopStarDemo Mac";
			productName = iphone;
			productReference = 5087E76F17EB910900C73F5D /* CoralSdkPopStarDemo Mac.app */;
			productType = "com.apple.product-type.application";
		};
/* End PBXNativeTarget section */

/* Begin PBXProject section */
		29B97313FDCFA39411CA2CEA /* Project object */ = {
			isa = PBXProject;
			attributes = {
				LastUpgradeCheck = 0500;
				TargetAttributes = {
					1D6058900D05DD3D006BFB54 = {
						DevelopmentTeam = Q5QA56MYTX;
					};
				};
			};
			buildConfigurationList = C01FCF4E08A954540054247B /* Build configuration list for PBXProject "CoralSdkPopStarDemo" */;
			compatibilityVersion = "Xcode 3.2";
			developmentRegion = English;
			hasScannedForEncodings = 1;
			knownRegions = (
				English,
				Japanese,
				French,
				German,
			);
			mainGroup = 29B97314FDCFA39411CA2CEA /* CustomTemplate */;
			projectDirPath = "";
			projectReferences = (
				{
					ProductGroup = 1AC6FAE6180E9839004C840B /* Products */;
					ProjectRef = 1AC6FAE5180E9839004C840B /* cocos2d_libs.xcodeproj */;
				},
			);
			projectRoot = "";
			targets = (
				1D6058900D05DD3D006BFB54 /* CoralSdkPopStarDemo iOS */,
				5087E73D17EB910900C73F5D /* CoralSdkPopStarDemo Mac */,
			);
		};
/* End PBXProject section */

/* Begin PBXReferenceProxy section */
		1AC6FAF9180E9839004C840B /* libcocos2dx Mac.a */ = {
			isa = PBXReferenceProxy;
			fileType = archive.ar;
			path = "libcocos2dx Mac.a";
			remoteRef = 1AC6FAF8180E9839004C840B /* PBXContainerItemProxy */;
			sourceTree = BUILT_PRODUCTS_DIR;
		};
		1AC6FAFB180E9839004C840B /* libcocos2dx-extensions Mac.a */ = {
			isa = PBXReferenceProxy;
			fileType = archive.ar;
			path = "libcocos2dx-extensions Mac.a";
			remoteRef = 1AC6FAFA180E9839004C840B /* PBXContainerItemProxy */;
			sourceTree = BUILT_PRODUCTS_DIR;
		};
		1AC6FAFD180E9839004C840B /* libchipmunk Mac.a */ = {
			isa = PBXReferenceProxy;
			fileType = archive.ar;
			path = "libchipmunk Mac.a";
			remoteRef = 1AC6FAFC180E9839004C840B /* PBXContainerItemProxy */;
			sourceTree = BUILT_PRODUCTS_DIR;
		};
		1AC6FAFF180E9839004C840B /* libbox2d Mac.a */ = {
			isa = PBXReferenceProxy;
			fileType = archive.ar;
			path = "libbox2d Mac.a";
			remoteRef = 1AC6FAFE180E9839004C840B /* PBXContainerItemProxy */;
			sourceTree = BUILT_PRODUCTS_DIR;
		};
		1AC6FB01180E9839004C840B /* libCocosDenshion Mac.a */ = {
			isa = PBXReferenceProxy;
			fileType = archive.ar;
			path = "libCocosDenshion Mac.a";
			remoteRef = 1AC6FB00180E9839004C840B /* PBXContainerItemProxy */;
			sourceTree = BUILT_PRODUCTS_DIR;
		};
		1AC6FB07180E9839004C840B /* libcocos2dx iOS.a */ = {
			isa = PBXReferenceProxy;
			fileType = archive.ar;
			path = "libcocos2dx iOS.a";
			remoteRef = 1AC6FB06180E9839004C840B /* PBXContainerItemProxy */;
			sourceTree = BUILT_PRODUCTS_DIR;
		};
		1AC6FB09180E9839004C840B /* libcocos2dx-extensions iOS.a */ = {
			isa = PBXReferenceProxy;
			fileType = archive.ar;
			path = "libcocos2dx-extensions iOS.a";
			remoteRef = 1AC6FB08180E9839004C840B /* PBXContainerItemProxy */;
			sourceTree = BUILT_PRODUCTS_DIR;
		};
		1AC6FB0B180E9839004C840B /* libchipmunk iOS.a */ = {
			isa = PBXReferenceProxy;
			fileType = archive.ar;
			path = "libchipmunk iOS.a";
			remoteRef = 1AC6FB0A180E9839004C840B /* PBXContainerItemProxy */;
			sourceTree = BUILT_PRODUCTS_DIR;
		};
		1AC6FB0D180E9839004C840B /* libbox2d iOS.a */ = {
			isa = PBXReferenceProxy;
			fileType = archive.ar;
			path = "libbox2d iOS.a";
			remoteRef = 1AC6FB0C180E9839004C840B /* PBXContainerItemProxy */;
			sourceTree = BUILT_PRODUCTS_DIR;
		};
		1AC6FB0F180E9839004C840B /* libCocosDenshion iOS.a */ = {
			isa = PBXReferenceProxy;
			fileType = archive.ar;
			path = "libCocosDenshion iOS.a";
			remoteRef = 1AC6FB0E180E9839004C840B /* PBXContainerItemProxy */;
			sourceTree = BUILT_PRODUCTS_DIR;
		};
/* End PBXReferenceProxy section */

/* Begin PBXResourcesBuildPhase section */
		1D60588D0D05DD3D006BFB54 /* Resources */ = {
			isa = PBXResourcesBuildPhase;
			buildActionMask = 2147483647;
			files = (
				1882A440192F62D600BA54FA /* 1.plist in Resources */,
				NW72WE91F9HWBZVKP2VB0RI7 /* BattleWorkBundleV.bundle in Resources */,
				6ASZP3YOZ4UXSE4CLOO1B5OG /* BattleWorkBundleH.bundle in Resources */,
				1882A44E192F62D600BA54FA /* quan_4.png in Resources */,
				1882A455192F62D600BA54FA /* snake_food.png in Resources */,
				1882A44F192F62D600BA54FA /* snake_body.png in Resources */,
				1882A452192F62D600BA54FA /* snake_body_3.png in Resources */,
				1882A410192F62CC00BA54FA /* Default-Landscape~ipad.png in Resources */,
				1882A4E7192F64C900BA54FA /* FMjson_internalmap.inl in Resources */,
				1882A519192F6C8800BA54FA /* movend.wav in Resources */,
				5087E78117EB970100C73F5D /* Icon-120.png in Resources */,
				1882A417192F62CC00BA54FA /* Icon-Small-50@2x.png in Resources */,
				1882A419192F62CC00BA54FA /* Icon-Small@2x.png in Resources */,
				1882A518192F6C8800BA54FA /* landing.wav in Resources */,
				1882A4EA192F64C900BA54FA /* FMjson_valueiterator.inl in Resources */,
				5087E78617EB970100C73F5D /* Icon-76.png in Resources */,
				5087E77F17EB970100C73F5D /* Default@2x.png in Resources */,
				1882A41C192F62CC00BA54FA /* iTunesArtwork.png in Resources */,
				1882A446192F62D600BA54FA /* direction.png in Resources */,
				50EF629917ECD46A001EB2F8 /* Icon-100.png in Resources */,
				1882A441192F62D600BA54FA /* 1.png in Resources */,
				1882A44A192F62D600BA54FA /* menu.png in Resources */,
				1882A457192F62D600BA54FA /* stage.png in Resources */,
				1AFAF8BC16D35E4900DB1158 /* CloseNormal.png in Resources */,
				1882A451192F62D600BA54FA /* snake_body_2.png in Resources */,
				5087E78317EB970100C73F5D /* Icon-152.png in Resources */,
				1882A44B192F62D600BA54FA /* quan_1.png in Resources */,
				5087E77D17EB970100C73F5D /* Default-568h@2x.png in Resources */,
				5087E78517EB970100C73F5D /* Icon-72.png in Resources */,
				1882A514192F6C8800BA54FA /* click.wav in Resources */,
				1882A450192F62D600BA54FA /* snake_body_1.png in Resources */,
				1AFAF8BD16D35E4900DB1158 /* CloseSelected.png in Resources */,
				1882A458192F62D600BA54FA /* welcome_bg.png in Resources */,
				50EF62A317ECD613001EB2F8 /* Icon-50.png in Resources */,
				1882A413192F62CC00BA54FA /* Default~iphone.png in Resources */,
				1882A456192F62D600BA54FA /* snake_head.png in Resources */,
				1882A44D192F62D600BA54FA /* quan_3.png in Resources */,
				1882A41A192F62CC00BA54FA /* Icon.png in Resources */,
				1882A416192F62CC00BA54FA /* Icon-Small-50.png in Resources */,
				1882A412192F62CC00BA54FA /* Default~ipad.png in Resources */,
				1882A447192F62D600BA54FA /* direction_1.png in Resources */,
				1882A449192F62D600BA54FA /* home_1.png in Resources */,
				1882A513192F6C8800BA54FA /* cheers.wav in Resources */,
				1882A448192F62D600BA54FA /* home.png in Resources */,
				1882A45B192F62D600BA54FA /* welcome_weibobution.png in Resources */,
				1882A45C192F62D600BA54FA /* Marker Felt.ttf in Resources */,
				1882A41B192F62CC00BA54FA /* Icon@2x.png in Resources */,
				1882A515192F6C8800BA54FA /* fireworks_01.wav in Resources */,
				5087E78017EB970100C73F5D /* Icon-114.png in Resources */,
				1AFAF8BE16D35E4900DB1158 /* HelloWorld.png in Resources */,
				1882A51B192F6C8800BA54FA /* select.wav in Resources */,
				1882A51A192F6C8800BA54FA /* pop_star.wav in Resources */,
				1882A41D192F62CC00BA54FA /* iTunesArtwork@2x.png in Resources */,
				1882A51C192F6C8800BA54FA /* button_start.wav in Resources */,
				1882A44C192F62D600BA54FA /* quan_2.png in Resources */,
				1882A517192F6C8800BA54FA /* fireworks_03.wav in Resources */,
				1882A444192F62D600BA54FA /* eat.wav in Resources */,
				50EF62A217ECD613001EB2F8 /* Icon-29.png in Resources */,
				1882A45A192F62D600BA54FA /* welcome_qqbution.png in Resources */,
				1882A459192F62D600BA54FA /* welcome_logo.png in Resources */,
				50EF629617ECD46A001EB2F8 /* Icon-40.png in Resources */,
				1882A4E6192F64C900BA54FA /* FMjson_internalarray.inl in Resources */,
				5087E78217EB970100C73F5D /* Icon-144.png in Resources */,
				1882A411192F62CC00BA54FA /* Default-Portrait@2x~ipad.png in Resources */,
				1882A454192F62D600BA54FA /* snake_body_5.png in Resources */,
				1882A4EC192F64C900BA54FA /* sconscript in Resources */,
				1882A40F192F62CC00BA54FA /* Default-Landscape@2x~ipad.png in Resources */,
				1882A453192F62D600BA54FA /* snake_body_4.png in Resources */,
				1882A445192F62D600BA54FA /* gameover.wav in Resources */,
				1882A516192F6C8800BA54FA /* fireworks_02.wav in Resources */,
				1882A443192F62D600BA54FA /* click.mp3 in Resources */,
				1882A45D192F62D600BA54FA /* MarkerFelt.ttf in Resources */,
				1882A418192F62CC00BA54FA /* Icon-Small.png in Resources */,
				1882A414192F62CC00BA54FA /* Icon-57@2x.png in Resources */,
				50EF629817ECD46A001EB2F8 /* Icon-80.png in Resources */,
				5087E78417EB970100C73F5D /* Icon-57.png in Resources */,
				1882A415192F62CC00BA54FA /* Icon-512.png in Resources */,
				5087E77E17EB970100C73F5D /* Default.png in Resources */,
				1882A442192F62D600BA54FA /* bg.mp3 in Resources */,
				50EF629717ECD46A001EB2F8 /* Icon-58.png in Resources */,
			);
			runOnlyForDeploymentPostprocessing = 0;
		};
		5087E74817EB910900C73F5D /* Resources */ = {
			isa = PBXResourcesBuildPhase;
			buildActionMask = 2147483647;
			files = (
				5087E75317EB910900C73F5D /* CloseNormal.png in Resources */,
				503AE0F817EB97AB00D1A890 /* Icon.icns in Resources */,
				5087E75417EB910900C73F5D /* CloseSelected.png in Resources */,
				5087E75517EB910900C73F5D /* HelloWorld.png in Resources */,
			);
			runOnlyForDeploymentPostprocessing = 0;
		};
/* End PBXResourcesBuildPhase section */

/* Begin PBXSourcesBuildPhase section */
		1D60588E0D05DD3D006BFB54 /* Sources */ = {
			isa = PBXSourcesBuildPhase;
			buildActionMask = 2147483647;
			files = (
				1882A4F5192F64C900BA54FA /* Welcome.cpp in Sources */,
				1882A4DF192F64C900BA54FA /* AppDelegate.cpp in Sources */,
				1882A4E3192F64C900BA54FA /* BnSDKCallback.cpp in Sources */,
				1882A4E5192F64C900BA54FA /* FMDictionaryHelper.cpp in Sources */,
				503AE10017EB989F00D1A890 /* AppController.mm in Sources */,
				1882A4E8192F64C900BA54FA /* FMjson_reader.cpp in Sources */,
				1882A4EF192F64C900BA54FA /* GameManager.cpp in Sources */,
				1882A4F4192F64C900BA54FA /* SnakeNode.cpp in Sources */,
				1882A4EE192F64C900BA54FA /* GameLayer.cpp in Sources */,
				1882A4F0192F64C900BA54FA /* GameOver.cpp in Sources */,
				1882A4F1192F64C900BA54FA /* GameView.cpp in Sources */,
				1882A4EB192F64C900BA54FA /* FMjson_writer.cpp in Sources */,
				1882A4ED192F64C900BA54FA /* CostomeKeyPadDelegae.cpp in Sources */,
				1882A4F2192F64C900BA54FA /* HelloWorldScene.cpp in Sources */,
				503AE10217EB989F00D1A890 /* RootViewController.mm in Sources */,
				1882A4E0192F64C900BA54FA /* Common.cpp in Sources */,
				1882A4FC192F64D600BA54FA /* XcodeCallback.mm in Sources */,
				1882A4F3192F64C900BA54FA /* Menu.cpp in Sources */,
				1882A4E2192F64C900BA54FA /* BnInterface.cpp in Sources */,
				1882A4FB192F64D600BA54FA /* coralsdk.mm in Sources */,
				1882A4E1192F64C900BA54FA /* BnCallBack.cpp in Sources */,
				1882A4E4192F64C900BA54FA /* FMContentJsonDictionary.cpp in Sources */,
				1882A4E9192F64C900BA54FA /* FMjson_value.cpp in Sources */,
				503AE10117EB989F00D1A890 /* main.m in Sources */,
			);
			runOnlyForDeploymentPostprocessing = 0;
		};
		5087E75617EB910900C73F5D /* Sources */ = {
			isa = PBXSourcesBuildPhase;
			buildActionMask = 2147483647;
			files = (
				503AE10517EB98FF00D1A890 /* main.cpp in Sources */,
			);
			runOnlyForDeploymentPostprocessing = 0;
		};
/* End PBXSourcesBuildPhase section */

/* Begin PBXTargetDependency section */
		1AC6FB16180E9959004C840B /* PBXTargetDependency */ = {
			isa = PBXTargetDependency;
			name = "cocos2dx Mac";
			targetProxy = 1AC6FB15180E9959004C840B /* PBXContainerItemProxy */;
		};
		1AC6FB18180E9959004C840B /* PBXTargetDependency */ = {
			isa = PBXTargetDependency;
			name = "cocos2dx-extensions Mac";
			targetProxy = 1AC6FB17180E9959004C840B /* PBXContainerItemProxy */;
		};
		1AC6FB1A180E9959004C840B /* PBXTargetDependency */ = {
			isa = PBXTargetDependency;
			name = "chipmunk Mac";
			targetProxy = 1AC6FB19180E9959004C840B /* PBXContainerItemProxy */;
		};
		1AC6FB1C180E9959004C840B /* PBXTargetDependency */ = {
			isa = PBXTargetDependency;
			name = "CocosDenshion Mac";
			targetProxy = 1AC6FB1B180E9959004C840B /* PBXContainerItemProxy */;
		};
		1AC6FB1E180E9963004C840B /* PBXTargetDependency */ = {
			isa = PBXTargetDependency;
			name = "box2d Mac";
			targetProxy = 1AC6FB1D180E9963004C840B /* PBXContainerItemProxy */;
		};
		1AC6FB25180E99E1004C840B /* PBXTargetDependency */ = {
			isa = PBXTargetDependency;
			name = "cocos2dx iOS";
			targetProxy = 1AC6FB24180E99E1004C840B /* PBXContainerItemProxy */;
		};
		1AC6FB27180E99E1004C840B /* PBXTargetDependency */ = {
			isa = PBXTargetDependency;
			name = "cocos2dx-extensions iOS";
			targetProxy = 1AC6FB26180E99E1004C840B /* PBXContainerItemProxy */;
		};
		1AC6FB29180E99E1004C840B /* PBXTargetDependency */ = {
			isa = PBXTargetDependency;
			name = "chipmunk iOS";
			targetProxy = 1AC6FB28180E99E1004C840B /* PBXContainerItemProxy */;
		};
		1AC6FB2B180E99E1004C840B /* PBXTargetDependency */ = {
			isa = PBXTargetDependency;
			name = "box2d iOS";
			targetProxy = 1AC6FB2A180E99E1004C840B /* PBXContainerItemProxy */;
		};
		1AC6FB2D180E99E1004C840B /* PBXTargetDependency */ = {
			isa = PBXTargetDependency;
			name = "CocosDenshion iOS";
			targetProxy = 1AC6FB2C180E99E1004C840B /* PBXContainerItemProxy */;
		};
/* End PBXTargetDependency section */

/* Begin XCBuildConfiguration section */
		1D6058940D05DD3E006BFB54 /* Debug */ = {
			isa = XCBuildConfiguration;
			buildSettings = {
				ALWAYS_SEARCH_USER_PATHS = YES;
				CODE_SIGN_IDENTITY = "iPhone Developer";
				COMPRESS_PNG_FILES = NO;
				FRAMEWORK_SEARCH_PATHS = (
					"$(inherited)",
					"$(PROJECT_DIR)",
				);
				GCC_DYNAMIC_NO_PIC = NO;
				GCC_INLINES_ARE_PRIVATE_EXTERN = NO;
				GCC_PRECOMPILE_PREFIX_HEADER = YES;
				GCC_PREFIX_HEADER = ios/Prefix.pch;
				GCC_PREPROCESSOR_DEFINITIONS = (
					USE_FILE32API,
					CC_TARGET_OS_IPHONE,
					"COCOS2D_DEBUG=1",
					"CC_ENABLE_CHIPMUNK_INTEGRATION=1",
				);
				GCC_SYMBOLS_PRIVATE_EXTERN = NO;
				HEADER_SEARCH_PATHS = (
					"$(inherited)",
					"$(SRCROOT)/../cocos2d/cocos/2d/platform/ios",
					"$(SRCROOT)/../cocos2d/cocos/2d/platform/ios/Simulation",
				);
				INFOPLIST_FILE = ios/Info.plist;
				IPHONEOS_DEPLOYMENT_TARGET = 5.0;
				LIBRARY_SEARCH_PATHS = "";
				SDKROOT = iphoneos;
				TARGETED_DEVICE_FAMILY = "1,2";
				USER_HEADER_SEARCH_PATHS = "";
			};
			name = Debug;
		};
		1D6058950D05DD3E006BFB54 /* Release */ = {
			isa = XCBuildConfiguration;
			buildSettings = {
				ALWAYS_SEARCH_USER_PATHS = YES;
				CODE_SIGN_IDENTITY = "iPhone Developer";
				COMPRESS_PNG_FILES = NO;
				FRAMEWORK_SEARCH_PATHS = (
					"$(inherited)",
					"$(PROJECT_DIR)",
				);
				GCC_INLINES_ARE_PRIVATE_EXTERN = NO;
				GCC_PRECOMPILE_PREFIX_HEADER = YES;
				GCC_PREFIX_HEADER = ios/Prefix.pch;
				GCC_PREPROCESSOR_DEFINITIONS = (
					USE_FILE32API,
					CC_TARGET_OS_IPHONE,
					"CC_ENABLE_CHIPMUNK_INTEGRATION=1",
				);
				GCC_SYMBOLS_PRIVATE_EXTERN = NO;
				HEADER_SEARCH_PATHS = (
					"$(inherited)",
					"$(SRCROOT)/../cocos2d/cocos/2d/platform/ios",
					"$(SRCROOT)/../cocos2d/cocos/2d/platform/ios/Simulation",
				);
				INFOPLIST_FILE = ios/Info.plist;
				IPHONEOS_DEPLOYMENT_TARGET = 5.0;
				LIBRARY_SEARCH_PATHS = "";
				SDKROOT = iphoneos;
				TARGETED_DEVICE_FAMILY = "1,2";
				USER_HEADER_SEARCH_PATHS = "";
			};
			name = Release;
		};
		5087E76D17EB910900C73F5D /* Debug */ = {
			isa = XCBuildConfiguration;
			buildSettings = {
				ALWAYS_SEARCH_USER_PATHS = YES;
				ARCHS = "$(ARCHS_STANDARD_64_BIT)";
				CLANG_CXX_LANGUAGE_STANDARD = "c++0x";
				CLANG_CXX_LIBRARY = "libc++";
				GCC_DYNAMIC_NO_PIC = NO;
				GCC_INLINES_ARE_PRIVATE_EXTERN = NO;
				GCC_PRECOMPILE_PREFIX_HEADER = YES;
				GCC_PREFIX_HEADER = mac/Prefix.pch;
				GCC_PREPROCESSOR_DEFINITIONS = (
					USE_FILE32API,
					CC_TARGET_OS_MAC,
					"COCOS2D_DEBUG=1",
					"CC_ENABLE_CHIPMUNK_INTEGRATION=1",
				);
				GCC_SYMBOLS_PRIVATE_EXTERN = NO;
				HEADER_SEARCH_PATHS = (
					"$(inherited)",
					"$(SRCROOT)/../cocos2d/cocos/2d/platform/mac",
					"$(SRCROOT)/../cocos2d/external/glfw3/include/mac",
				);
				INFOPLIST_FILE = mac/Info.plist;
				LIBRARY_SEARCH_PATHS = "";
				USER_HEADER_SEARCH_PATHS = "";
			};
			name = Debug;
		};
		5087E76E17EB910900C73F5D /* Release */ = {
			isa = XCBuildConfiguration;
			buildSettings = {
				ALWAYS_SEARCH_USER_PATHS = YES;
				ARCHS = "$(ARCHS_STANDARD_64_BIT)";
				CLANG_CXX_LANGUAGE_STANDARD = "c++0x";
				CLANG_CXX_LIBRARY = "libc++";
				GCC_INLINES_ARE_PRIVATE_EXTERN = NO;
				GCC_PRECOMPILE_PREFIX_HEADER = YES;
				GCC_PREFIX_HEADER = mac/Prefix.pch;
				GCC_PREPROCESSOR_DEFINITIONS = (
					USE_FILE32API,
					CC_TARGET_OS_MAC,
					"CC_ENABLE_CHIPMUNK_INTEGRATION=1",
				);
				GCC_SYMBOLS_PRIVATE_EXTERN = NO;
				HEADER_SEARCH_PATHS = (
					"$(inherited)",
					"$(SRCROOT)/../cocos2d/cocos/2d/platform/mac",
					"$(SRCROOT)/../cocos2d/external/glfw3/include/mac",
				);
				INFOPLIST_FILE = mac/Info.plist;
				LIBRARY_SEARCH_PATHS = "";
				USER_HEADER_SEARCH_PATHS = "";
			};
			name = Release;
		};
		C01FCF4F08A954540054247B /* Debug */ = {
			isa = XCBuildConfiguration;
			buildSettings = {
				CLANG_CXX_LANGUAGE_STANDARD = "c++0x";
				CLANG_CXX_LIBRARY = "libc++";
				COPY_PHASE_STRIP = NO;
				GCC_OPTIMIZATION_LEVEL = 0;
				GCC_WARN_ABOUT_RETURN_TYPE = YES;
				GCC_WARN_UNUSED_VARIABLE = YES;
				HEADER_SEARCH_PATHS = (
					"$(SRCROOT)/../cocos2d",
					"$(SRCROOT)/../cocos2d/cocos",
					"$(SRCROOT)/../cocos2d/cocos/base",
					"$(SRCROOT)/../cocos2d/cocos/physics",
					"$(SRCROOT)/../cocos2d/cocos/math/kazmath",
					"$(SRCROOT)/../cocos2d/cocos/2d",
					"$(SRCROOT)/../cocos2d/cocos/ui",
					"$(SRCROOT)/../cocos2d/cocos/network",
					"$(SRCROOT)/../cocos2d/cocos/audio/include",
					"$(SRCROOT)/../cocos2d/cocos/editor-support",
					"$(SRCROOT)/../cocos2d/extensions",
					"$(SRCROOT)/../cocos2d/external",
					"$(SRCROOT)/../cocos2d/external/chipmunk/include/chipmunk",
				);
				ONLY_ACTIVE_ARCH = YES;
				PRODUCT_NAME = "$(TARGET_NAME)";
				SDKROOT = macosx;
			};
			name = Debug;
		};
		C01FCF5008A954540054247B /* Release */ = {
			isa = XCBuildConfiguration;
			buildSettings = {
				CLANG_CXX_LANGUAGE_STANDARD = "c++0x";
				CLANG_CXX_LIBRARY = "libc++";
				GCC_WARN_ABOUT_RETURN_TYPE = YES;
				GCC_WARN_UNUSED_VARIABLE = YES;
				HEADER_SEARCH_PATHS = (
					"$(SRCROOT)/../cocos2d",
					"$(SRCROOT)/../cocos2d/cocos",
					"$(SRCROOT)/../cocos2d/cocos/base",
					"$(SRCROOT)/../cocos2d/cocos/physics",
					"$(SRCROOT)/../cocos2d/cocos/math/kazmath",
					"$(SRCROOT)/../cocos2d/cocos/2d",
					"$(SRCROOT)/../cocos2d/cocos/ui",
					"$(SRCROOT)/../cocos2d/cocos/network",
					"$(SRCROOT)/../cocos2d/cocos/audio/include",
					"$(SRCROOT)/../cocos2d/cocos/editor-support",
					"$(SRCROOT)/../cocos2d/extensions",
					"$(SRCROOT)/../cocos2d/external",
					"$(SRCROOT)/../cocos2d/external/chipmunk/include/chipmunk",
				);
				OTHER_CFLAGS = "-DNS_BLOCK_ASSERTIONS=1";
				PRODUCT_NAME = "$(TARGET_NAME)";
				SDKROOT = macosx;
				VALIDATE_PRODUCT = YES;
			};
			name = Release;
		};
/* End XCBuildConfiguration section */

/* Begin XCConfigurationList section */
		1D6058960D05DD3E006BFB54 /* Build configuration list for PBXNativeTarget "CoralSdkPopStarDemo iOS" */ = {
			isa = XCConfigurationList;
			buildConfigurations = (
				1D6058940D05DD3E006BFB54 /* Debug */,
				1D6058950D05DD3E006BFB54 /* Release */,
			);
			defaultConfigurationIsVisible = 0;
			defaultConfigurationName = Debug;
		};
		5087E76C17EB910900C73F5D /* Build configuration list for PBXNativeTarget "CoralSdkPopStarDemo Mac" */ = {
			isa = XCConfigurationList;
			buildConfigurations = (
				5087E76D17EB910900C73F5D /* Debug */,
				5087E76E17EB910900C73F5D /* Release */,
			);
			defaultConfigurationIsVisible = 0;
			defaultConfigurationName = Debug;
		};
		C01FCF4E08A954540054247B /* Build configuration list for PBXProject "CoralSdkPopStarDemo" */ = {
			isa = XCConfigurationList;
			buildConfigurations = (
				C01FCF4F08A954540054247B /* Debug */,
				C01FCF5008A954540054247B /* Release */,
			);
			defaultConfigurationIsVisible = 0;
			defaultConfigurationName = Debug;
		};
/* End XCConfigurationList section */
	};
	rootObject = 29B97313FDCFA39411CA2CEA /* Project object */;
}
